
Microsoft Visual Studio Solution File, Format Version 12.00
# Visual Studio 14
VisualStudioVersion = 14.0.25123.0
MinimumVisualStudioVersion = 10.0.40219.1
Project("{FAE04EC0-301F-11D3-BF4B-00C04F79EFBC}") = "PCLAppDemo.App.Droid", "Host\PCLAppDemo.App.Droid\PCLAppDemo.App.Droid.csproj", "{6F17C179-0935-4681-AF4C-B1B5DE2AD6CE}"
EndProject
Project("{FAE04EC0-301F-11D3-BF4B-00C04F79EFBC}") = "PCLAppDemo.App.iOS", "Host\PCLAppDemo.App.iOS\PCLAppDemo.App.iOS.csproj", "{800C56E5-50B9-4CBB-89CC-26457BE103F3}"
EndProject
Project("{FAE04EC0-301F-11D3-BF4B-00C04F79EFBC}") = "PCLAppDemo.App", "Host\PCLAppDemo.App\PCLAppDemo.App.csproj", "{629DD240-4CD3-4116-A2BE-D8DA783DDD2C}"
EndProject
Project("{2150E333-8FDC-42A3-9474-1A3956D46DE8}") = "Lib", "Lib", "{70584D47-5C81-4C41-BA98-B5E6D9B8A40E}"
EndProject
Project("{2150E333-8FDC-42A3-9474-1A3956D46DE8}") = "Host", "Host", "{529382AD-F2B2-4EAA-97FF-C4622DC81D4B}"
EndProject
Project("{2150E333-8FDC-42A3-9474-1A3956D46DE8}") = "Test", "Test", "{4E217353-F4C5-4316-A1E2-604F85381422}"
EndProject
Project("{FAE04EC0-301F-11D3-BF4B-00C04F79EFBC}") = "PCLAppConfig", "Lib\PCLAppConfig\PCLAppConfig.csproj", "{91435741-B785-4FD8-B486-FA157FD55852}"
EndProject
Project("{FAE04EC0-301F-11D3-BF4B-00C04F79EFBC}") = "PCLResolver", "Lib\PCLResolver\PCLResolver.csproj", "{374D4C1C-2945-4E32-8BD0-C4EF2173E574}"
EndProject
Project("{FAE04EC0-301F-11D3-BF4B-00C04F79EFBC}") = "PCLAppConfig.Common", "Lib\PCLAppConfig.Common\PCLAppConfig.Common.csproj", "{DDB1F4BB-5F0B-44FA-B236-903F32767036}"
EndProject
Project("{2150E333-8FDC-42A3-9474-1A3956D46DE8}") = "PCLCoreApp", "PCLCoreApp", "{2A306BCD-93C6-4CB8-8922-3A76B22BCE45}"
EndProject
Project("{FAE04EC0-301F-11D3-BF4B-00C04F79EFBC}") = "PCLCoreApp", "Lib\PCLCoreApp\PCLCoreApp\PCLCoreApp.csproj", "{70F1C889-8162-455D-8F4C-4955A5E7A933}"
EndProject
Project("{FAE04EC0-301F-11D3-BF4B-00C04F79EFBC}") = "PCLCoreApp.Droid", "Lib\PCLCoreApp\PCLCoreApp.Droid\PCLCoreApp.Droid.csproj", "{4B63F006-46E6-40A6-A844-704BB4852867}"
EndProject
Project("{FAE04EC0-301F-11D3-BF4B-00C04F79EFBC}") = "PCLCoreApp.iOS", "Lib\PCLCoreApp\PCLCoreApp.iOS\PCLCoreApp.iOS.csproj", "{9B846BED-F7E5-4E44-B9CC-DC2AD64155A7}"
EndProject
Global
	GlobalSection(SolutionConfigurationPlatforms) = preSolution
		Ad-Hoc|Any CPU = Ad-Hoc|Any CPU
		Ad-Hoc|iPhone = Ad-Hoc|iPhone
		Ad-Hoc|iPhoneSimulator = Ad-Hoc|iPhoneSimulator
		AppStore|Any CPU = AppStore|Any CPU
		AppStore|iPhone = AppStore|iPhone
		AppStore|iPhoneSimulator = AppStore|iPhoneSimulator
		Debug|Any CPU = Debug|Any CPU
		Debug|iPhone = Debug|iPhone
		Debug|iPhoneSimulator = Debug|iPhoneSimulator
		Release|Any CPU = Release|Any CPU
		Release|iPhone = Release|iPhone
		Release|iPhoneSimulator = Release|iPhoneSimulator
	EndGlobalSection
	GlobalSection(ProjectConfigurationPlatforms) = postSolution
		{6F17C179-0935-4681-AF4C-B1B5DE2AD6CE}.Ad-Hoc|Any CPU.ActiveCfg = Release|Any CPU
		{6F17C179-0935-4681-AF4C-B1B5DE2AD6CE}.Ad-Hoc|Any CPU.Build.0 = Release|Any CPU
		{6F17C179-0935-4681-AF4C-B1B5DE2AD6CE}.Ad-Hoc|Any CPU.Deploy.0 = Release|Any CPU
		{6F17C179-0935-4681-AF4C-B1B5DE2AD6CE}.Ad-Hoc|iPhone.ActiveCfg = Release|Any CPU
		{6F17C179-0935-4681-AF4C-B1B5DE2AD6CE}.Ad-Hoc|iPhone.Build.0 = Release|Any CPU
		{6F17C179-0935-4681-AF4C-B1B5DE2AD6CE}.Ad-Hoc|iPhone.Deploy.0 = Release|Any CPU
		{6F17C179-0935-4681-AF4C-B1B5DE2AD6CE}.Ad-Hoc|iPhoneSimulator.ActiveCfg = Release|Any CPU
		{6F17C179-0935-4681-AF4C-B1B5DE2AD6CE}.Ad-Hoc|iPhoneSimulator.Build.0 = Release|Any CPU
		{6F17C179-0935-4681-AF4C-B1B5DE2AD6CE}.Ad-Hoc|iPhoneSimulator.Deploy.0 = Release|Any CPU
		{6F17C179-0935-4681-AF4C-B1B5DE2AD6CE}.AppStore|Any CPU.ActiveCfg = Release|Any CPU
		{6F17C179-0935-4681-AF4C-B1B5DE2AD6CE}.AppStore|Any CPU.Build.0 = Release|Any CPU
		{6F17C179-0935-4681-AF4C-B1B5DE2AD6CE}.AppStore|Any CPU.Deploy.0 = Release|Any CPU
		{6F17C179-0935-4681-AF4C-B1B5DE2AD6CE}.AppStore|iPhone.ActiveCfg = Release|Any CPU
		{6F17C179-0935-4681-AF4C-B1B5DE2AD6CE}.AppStore|iPhone.Build.0 = Release|Any CPU
		{6F17C179-0935-4681-AF4C-B1B5DE2AD6CE}.AppStore|iPhone.Deploy.0 = Release|Any CPU
		{6F17C179-0935-4681-AF4C-B1B5DE2AD6CE}.AppStore|iPhoneSimulator.ActiveCfg = Release|Any CPU
		{6F17C179-0935-4681-AF4C-B1B5DE2AD6CE}.AppStore|iPhoneSimulator.Build.0 = Release|Any CPU
		{6F17C179-0935-4681-AF4C-B1B5DE2AD6CE}.AppStore|iPhoneSimulator.Deploy.0 = Release|Any CPU
		{6F17C179-0935-4681-AF4C-B1B5DE2AD6CE}.Debug|Any CPU.ActiveCfg = Debug|Any CPU
		{6F17C179-0935-4681-AF4C-B1B5DE2AD6CE}.Debug|Any CPU.Build.0 = Debug|Any CPU
		{6F17C179-0935-4681-AF4C-B1B5DE2AD6CE}.Debug|Any CPU.Deploy.0 = Debug|Any CPU
		{6F17C179-0935-4681-AF4C-B1B5DE2AD6CE}.Debug|iPhone.ActiveCfg = Debug|Any CPU
		{6F17C179-0935-4681-AF4C-B1B5DE2AD6CE}.Debug|iPhone.Build.0 = Debug|Any CPU
		{6F17C179-0935-4681-AF4C-B1B5DE2AD6CE}.Debug|iPhone.Deploy.0 = Debug|Any CPU
		{6F17C179-0935-4681-AF4C-B1B5DE2AD6CE}.Debug|iPhoneSimulator.ActiveCfg = Debug|Any CPU
		{6F17C179-0935-4681-AF4C-B1B5DE2AD6CE}.Debug|iPhoneSimulator.Build.0 = Debug|Any CPU
		{6F17C179-0935-4681-AF4C-B1B5DE2AD6CE}.Debug|iPhoneSimulator.Deploy.0 = Debug|Any CPU
		{6F17C179-0935-4681-AF4C-B1B5DE2AD6CE}.Release|Any CPU.ActiveCfg = Release|Any CPU
		{6F17C179-0935-4681-AF4C-B1B5DE2AD6CE}.Release|Any CPU.Build.0 = Release|Any CPU
		{6F17C179-0935-4681-AF4C-B1B5DE2AD6CE}.Release|Any CPU.Deploy.0 = Release|Any CPU
		{6F17C179-0935-4681-AF4C-B1B5DE2AD6CE}.Release|iPhone.ActiveCfg = Release|Any CPU
		{6F17C179-0935-4681-AF4C-B1B5DE2AD6CE}.Release|iPhone.Build.0 = Release|Any CPU
		{6F17C179-0935-4681-AF4C-B1B5DE2AD6CE}.Release|iPhone.Deploy.0 = Release|Any CPU
		{6F17C179-0935-4681-AF4C-B1B5DE2AD6CE}.Release|iPhoneSimulator.ActiveCfg = Release|Any CPU
		{6F17C179-0935-4681-AF4C-B1B5DE2AD6CE}.Release|iPhoneSimulator.Build.0 = Release|Any CPU
		{6F17C179-0935-4681-AF4C-B1B5DE2AD6CE}.Release|iPhoneSimulator.Deploy.0 = Release|Any CPU
		{800C56E5-50B9-4CBB-89CC-26457BE103F3}.Ad-Hoc|Any CPU.ActiveCfg = Ad-Hoc|iPhone
		{800C56E5-50B9-4CBB-89CC-26457BE103F3}.Ad-Hoc|iPhone.ActiveCfg = Ad-Hoc|iPhone
		{800C56E5-50B9-4CBB-89CC-26457BE103F3}.Ad-Hoc|iPhone.Build.0 = Ad-Hoc|iPhone
		{800C56E5-50B9-4CBB-89CC-26457BE103F3}.Ad-Hoc|iPhoneSimulator.ActiveCfg = Ad-Hoc|iPhoneSimulator
		{800C56E5-50B9-4CBB-89CC-26457BE103F3}.Ad-Hoc|iPhoneSimulator.Build.0 = Ad-Hoc|iPhoneSimulator
		{800C56E5-50B9-4CBB-89CC-26457BE103F3}.AppStore|Any CPU.ActiveCfg = AppStore|iPhone
		{800C56E5-50B9-4CBB-89CC-26457BE103F3}.AppStore|iPhone.ActiveCfg = AppStore|iPhone
		{800C56E5-50B9-4CBB-89CC-26457BE103F3}.AppStore|iPhone.Build.0 = AppStore|iPhone
		{800C56E5-50B9-4CBB-89CC-26457BE103F3}.AppStore|iPhoneSimulator.ActiveCfg = AppStore|iPhoneSimulator
		{800C56E5-50B9-4CBB-89CC-26457BE103F3}.AppStore|iPhoneSimulator.Build.0 = AppStore|iPhoneSimulator
		{800C56E5-50B9-4CBB-89CC-26457BE103F3}.Debug|Any CPU.ActiveCfg = Debug|iPhone
		{800C56E5-50B9-4CBB-89CC-26457BE103F3}.Debug|iPhone.ActiveCfg = Debug|iPhone
		{800C56E5-50B9-4CBB-89CC-26457BE103F3}.Debug|iPhone.Build.0 = Debug|iPhone
		{800C56E5-50B9-4CBB-89CC-26457BE103F3}.Debug|iPhoneSimulator.ActiveCfg = Debug|iPhoneSimulator
		{800C56E5-50B9-4CBB-89CC-26457BE103F3}.Debug|iPhoneSimulator.Build.0 = Debug|iPhoneSimulator
		{800C56E5-50B9-4CBB-89CC-26457BE103F3}.Release|Any CPU.ActiveCfg = Release|iPhone
		{800C56E5-50B9-4CBB-89CC-26457BE103F3}.Release|iPhone.ActiveCfg = Release|iPhone
		{800C56E5-50B9-4CBB-89CC-26457BE103F3}.Release|iPhone.Build.0 = Release|iPhone
		{800C56E5-50B9-4CBB-89CC-26457BE103F3}.Release|iPhoneSimulator.ActiveCfg = Release|iPhoneSimulator
		{800C56E5-50B9-4CBB-89CC-26457BE103F3}.Release|iPhoneSimulator.Build.0 = Release|iPhoneSimulator
		{629DD240-4CD3-4116-A2BE-D8DA783DDD2C}.Ad-Hoc|Any CPU.ActiveCfg = Release|Any CPU
		{629DD240-4CD3-4116-A2BE-D8DA783DDD2C}.Ad-Hoc|Any CPU.Build.0 = Release|Any CPU
		{629DD240-4CD3-4116-A2BE-D8DA783DDD2C}.Ad-Hoc|iPhone.ActiveCfg = Release|Any CPU
		{629DD240-4CD3-4116-A2BE-D8DA783DDD2C}.Ad-Hoc|iPhone.Build.0 = Release|Any CPU
		{629DD240-4CD3-4116-A2BE-D8DA783DDD2C}.Ad-Hoc|iPhoneSimulator.ActiveCfg = Release|Any CPU
		{629DD240-4CD3-4116-A2BE-D8DA783DDD2C}.Ad-Hoc|iPhoneSimulator.Build.0 = Release|Any CPU
		{629DD240-4CD3-4116-A2BE-D8DA783DDD2C}.AppStore|Any CPU.ActiveCfg = Release|Any CPU
		{629DD240-4CD3-4116-A2BE-D8DA783DDD2C}.AppStore|Any CPU.Build.0 = Release|Any CPU
		{629DD240-4CD3-4116-A2BE-D8DA783DDD2C}.AppStore|iPhone.ActiveCfg = Release|Any CPU
		{629DD240-4CD3-4116-A2BE-D8DA783DDD2C}.AppStore|iPhone.Build.0 = Release|Any CPU
		{629DD240-4CD3-4116-A2BE-D8DA783DDD2C}.AppStore|iPhoneSimulator.ActiveCfg = Release|Any CPU
		{629DD240-4CD3-4116-A2BE-D8DA783DDD2C}.AppStore|iPhoneSimulator.Build.0 = Release|Any CPU
		{629DD240-4CD3-4116-A2BE-D8DA783DDD2C}.Debug|Any CPU.ActiveCfg = Debug|Any CPU
		{629DD240-4CD3-4116-A2BE-D8DA783DDD2C}.Debug|Any CPU.Build.0 = Debug|Any CPU
		{629DD240-4CD3-4116-A2BE-D8DA783DDD2C}.Debug|iPhone.ActiveCfg = Debug|Any CPU
		{629DD240-4CD3-4116-A2BE-D8DA783DDD2C}.Debug|iPhone.Build.0 = Debug|Any CPU
		{629DD240-4CD3-4116-A2BE-D8DA783DDD2C}.Debug|iPhoneSimulator.ActiveCfg = Debug|Any CPU
		{629DD240-4CD3-4116-A2BE-D8DA783DDD2C}.Debug|iPhoneSimulator.Build.0 = Debug|Any CPU
		{629DD240-4CD3-4116-A2BE-D8DA783DDD2C}.Release|Any CPU.ActiveCfg = Release|Any CPU
		{629DD240-4CD3-4116-A2BE-D8DA783DDD2C}.Release|Any CPU.Build.0 = Release|Any CPU
		{629DD240-4CD3-4116-A2BE-D8DA783DDD2C}.Release|iPhone.ActiveCfg = Release|Any CPU
		{629DD240-4CD3-4116-A2BE-D8DA783DDD2C}.Release|iPhone.Build.0 = Release|Any CPU
		{629DD240-4CD3-4116-A2BE-D8DA783DDD2C}.Release|iPhoneSimulator.ActiveCfg = Release|Any CPU
		{629DD240-4CD3-4116-A2BE-D8DA783DDD2C}.Release|iPhoneSimulator.Build.0 = Release|Any CPU
		{91435741-B785-4FD8-B486-FA157FD55852}.Ad-Hoc|Any CPU.ActiveCfg = Release|Any CPU
		{91435741-B785-4FD8-B486-FA157FD55852}.Ad-Hoc|Any CPU.Build.0 = Release|Any CPU
		{91435741-B785-4FD8-B486-FA157FD55852}.Ad-Hoc|iPhone.ActiveCfg = Release|Any CPU
		{91435741-B785-4FD8-B486-FA157FD55852}.Ad-Hoc|iPhone.Build.0 = Release|Any CPU
		{91435741-B785-4FD8-B486-FA157FD55852}.Ad-Hoc|iPhoneSimulator.ActiveCfg = Release|Any CPU
		{91435741-B785-4FD8-B486-FA157FD55852}.Ad-Hoc|iPhoneSimulator.Build.0 = Release|Any CPU
		{91435741-B785-4FD8-B486-FA157FD55852}.AppStore|Any CPU.ActiveCfg = Release|Any CPU
		{91435741-B785-4FD8-B486-FA157FD55852}.AppStore|Any CPU.Build.0 = Release|Any CPU
		{91435741-B785-4FD8-B486-FA157FD55852}.AppStore|iPhone.ActiveCfg = Release|Any CPU
		{91435741-B785-4FD8-B486-FA157FD55852}.AppStore|iPhone.Build.0 = Release|Any CPU
		{91435741-B785-4FD8-B486-FA157FD55852}.AppStore|iPhoneSimulator.ActiveCfg = Release|Any CPU
		{91435741-B785-4FD8-B486-FA157FD55852}.AppStore|iPhoneSimulator.Build.0 = Release|Any CPU
		{91435741-B785-4FD8-B486-FA157FD55852}.Debug|Any CPU.ActiveCfg = Debug|Any CPU
		{91435741-B785-4FD8-B486-FA157FD55852}.Debug|Any CPU.Build.0 = Debug|Any CPU
		{91435741-B785-4FD8-B486-FA157FD55852}.Debug|iPhone.ActiveCfg = Debug|Any CPU
		{91435741-B785-4FD8-B486-FA157FD55852}.Debug|iPhone.Build.0 = Debug|Any CPU
		{91435741-B785-4FD8-B486-FA157FD55852}.Debug|iPhoneSimulator.ActiveCfg = Debug|Any CPU
		{91435741-B785-4FD8-B486-FA157FD55852}.Debug|iPhoneSimulator.Build.0 = Debug|Any CPU
		{91435741-B785-4FD8-B486-FA157FD55852}.Release|Any CPU.ActiveCfg = Release|Any CPU
		{91435741-B785-4FD8-B486-FA157FD55852}.Release|Any CPU.Build.0 = Release|Any CPU
		{91435741-B785-4FD8-B486-FA157FD55852}.Release|iPhone.ActiveCfg = Release|Any CPU
		{91435741-B785-4FD8-B486-FA157FD55852}.Release|iPhone.Build.0 = Release|Any CPU
		{91435741-B785-4FD8-B486-FA157FD55852}.Release|iPhoneSimulator.ActiveCfg = Release|Any CPU
		{91435741-B785-4FD8-B486-FA157FD55852}.Release|iPhoneSimulator.Build.0 = Release|Any CPU
		{374D4C1C-2945-4E32-8BD0-C4EF2173E574}.Ad-Hoc|Any CPU.ActiveCfg = Release|Any CPU
		{374D4C1C-2945-4E32-8BD0-C4EF2173E574}.Ad-Hoc|Any CPU.Build.0 = Release|Any CPU
		{374D4C1C-2945-4E32-8BD0-C4EF2173E574}.Ad-Hoc|iPhone.ActiveCfg = Release|Any CPU
		{374D4C1C-2945-4E32-8BD0-C4EF2173E574}.Ad-Hoc|iPhone.Build.0 = Release|Any CPU
		{374D4C1C-2945-4E32-8BD0-C4EF2173E574}.Ad-Hoc|iPhoneSimulator.ActiveCfg = Release|Any CPU
		{374D4C1C-2945-4E32-8BD0-C4EF2173E574}.Ad-Hoc|iPhoneSimulator.Build.0 = Release|Any CPU
		{374D4C1C-2945-4E32-8BD0-C4EF2173E574}.AppStore|Any CPU.ActiveCfg = Release|Any CPU
		{374D4C1C-2945-4E32-8BD0-C4EF2173E574}.AppStore|Any CPU.Build.0 = Release|Any CPU
		{374D4C1C-2945-4E32-8BD0-C4EF2173E574}.AppStore|iPhone.ActiveCfg = Release|Any CPU
		{374D4C1C-2945-4E32-8BD0-C4EF2173E574}.AppStore|iPhone.Build.0 = Release|Any CPU
		{374D4C1C-2945-4E32-8BD0-C4EF2173E574}.AppStore|iPhoneSimulator.ActiveCfg = Release|Any CPU
		{374D4C1C-2945-4E32-8BD0-C4EF2173E574}.AppStore|iPhoneSimulator.Build.0 = Release|Any CPU
		{374D4C1C-2945-4E32-8BD0-C4EF2173E574}.Debug|Any CPU.ActiveCfg = Debug|Any CPU
		{374D4C1C-2945-4E32-8BD0-C4EF2173E574}.Debug|Any CPU.Build.0 = Debug|Any CPU
		{374D4C1C-2945-4E32-8BD0-C4EF2173E574}.Debug|iPhone.ActiveCfg = Debug|Any CPU
		{374D4C1C-2945-4E32-8BD0-C4EF2173E574}.Debug|iPhone.Build.0 = Debug|Any CPU
		{374D4C1C-2945-4E32-8BD0-C4EF2173E574}.Debug|iPhoneSimulator.ActiveCfg = Debug|Any CPU
		{374D4C1C-2945-4E32-8BD0-C4EF2173E574}.Debug|iPhoneSimulator.Build.0 = Debug|Any CPU
		{374D4C1C-2945-4E32-8BD0-C4EF2173E574}.Release|Any CPU.ActiveCfg = Release|Any CPU
		{374D4C1C-2945-4E32-8BD0-C4EF2173E574}.Release|Any CPU.Build.0 = Release|Any CPU
		{374D4C1C-2945-4E32-8BD0-C4EF2173E574}.Release|iPhone.ActiveCfg = Release|Any CPU
		{374D4C1C-2945-4E32-8BD0-C4EF2173E574}.Release|iPhone.Build.0 = Release|Any CPU
		{374D4C1C-2945-4E32-8BD0-C4EF2173E574}.Release|iPhoneSimulator.ActiveCfg = Release|Any CPU
		{374D4C1C-2945-4E32-8BD0-C4EF2173E574}.Release|iPhoneSimulator.Build.0 = Release|Any CPU
		{DDB1F4BB-5F0B-44FA-B236-903F32767036}.Ad-Hoc|Any CPU.ActiveCfg = Release|Any CPU
		{DDB1F4BB-5F0B-44FA-B236-903F32767036}.Ad-Hoc|Any CPU.Build.0 = Release|Any CPU
		{DDB1F4BB-5F0B-44FA-B236-903F32767036}.Ad-Hoc|iPhone.ActiveCfg = Release|Any CPU
		{DDB1F4BB-5F0B-44FA-B236-903F32767036}.Ad-Hoc|iPhone.Build.0 = Release|Any CPU
		{DDB1F4BB-5F0B-44FA-B236-903F32767036}.Ad-Hoc|iPhoneSimulator.ActiveCfg = Release|Any CPU
		{DDB1F4BB-5F0B-44FA-B236-903F32767036}.Ad-Hoc|iPhoneSimulator.Build.0 = Release|Any CPU
		{DDB1F4BB-5F0B-44FA-B236-903F32767036}.AppStore|Any CPU.ActiveCfg = Release|Any CPU
		{DDB1F4BB-5F0B-44FA-B236-903F32767036}.AppStore|Any CPU.Build.0 = Release|Any CPU
		{DDB1F4BB-5F0B-44FA-B236-903F32767036}.AppStore|iPhone.ActiveCfg = Release|Any CPU
		{DDB1F4BB-5F0B-44FA-B236-903F32767036}.AppStore|iPhone.Build.0 = Release|Any CPU
		{DDB1F4BB-5F0B-44FA-B236-903F32767036}.AppStore|iPhoneSimulator.ActiveCfg = Release|Any CPU
		{DDB1F4BB-5F0B-44FA-B236-903F32767036}.AppStore|iPhoneSimulator.Build.0 = Release|Any CPU
		{DDB1F4BB-5F0B-44FA-B236-903F32767036}.Debug|Any CPU.ActiveCfg = Debug|Any CPU
		{DDB1F4BB-5F0B-44FA-B236-903F32767036}.Debug|Any CPU.Build.0 = Debug|Any CPU
		{DDB1F4BB-5F0B-44FA-B236-903F32767036}.Debug|iPhone.ActiveCfg = Debug|Any CPU
		{DDB1F4BB-5F0B-44FA-B236-903F32767036}.Debug|iPhone.Build.0 = Debug|Any CPU
		{DDB1F4BB-5F0B-44FA-B236-903F32767036}.Debug|iPhoneSimulator.ActiveCfg = Debug|Any CPU
		{DDB1F4BB-5F0B-44FA-B236-903F32767036}.Debug|iPhoneSimulator.Build.0 = Debug|Any CPU
		{DDB1F4BB-5F0B-44FA-B236-903F32767036}.Release|Any CPU.ActiveCfg = Release|Any CPU
		{DDB1F4BB-5F0B-44FA-B236-903F32767036}.Release|Any CPU.Build.0 = Release|Any CPU
		{DDB1F4BB-5F0B-44FA-B236-903F32767036}.Release|iPhone.ActiveCfg = Release|Any CPU
		{DDB1F4BB-5F0B-44FA-B236-903F32767036}.Release|iPhone.Build.0 = Release|Any CPU
		{DDB1F4BB-5F0B-44FA-B236-903F32767036}.Release|iPhoneSimulator.ActiveCfg = Release|Any CPU
		{DDB1F4BB-5F0B-44FA-B236-903F32767036}.Release|iPhoneSimulator.Build.0 = Release|Any CPU
		{70F1C889-8162-455D-8F4C-4955A5E7A933}.Ad-Hoc|Any CPU.ActiveCfg = Release|Any CPU
		{70F1C889-8162-455D-8F4C-4955A5E7A933}.Ad-Hoc|Any CPU.Build.0 = Release|Any CPU
		{70F1C889-8162-455D-8F4C-4955A5E7A933}.Ad-Hoc|iPhone.ActiveCfg = Release|Any CPU
		{70F1C889-8162-455D-8F4C-4955A5E7A933}.Ad-Hoc|iPhone.Build.0 = Release|Any CPU
		{70F1C889-8162-455D-8F4C-4955A5E7A933}.Ad-Hoc|iPhoneSimulator.ActiveCfg = Release|Any CPU
		{70F1C889-8162-455D-8F4C-4955A5E7A933}.Ad-Hoc|iPhoneSimulator.Build.0 = Release|Any CPU
		{70F1C889-8162-455D-8F4C-4955A5E7A933}.AppStore|Any CPU.ActiveCfg = Release|Any CPU
		{70F1C889-8162-455D-8F4C-4955A5E7A933}.AppStore|Any CPU.Build.0 = Release|Any CPU
		{70F1C889-8162-455D-8F4C-4955A5E7A933}.AppStore|iPhone.ActiveCfg = Release|Any CPU
		{70F1C889-8162-455D-8F4C-4955A5E7A933}.AppStore|iPhone.Build.0 = Release|Any CPU
		{70F1C889-8162-455D-8F4C-4955A5E7A933}.AppStore|iPhoneSimulator.ActiveCfg = Release|Any CPU
		{70F1C889-8162-455D-8F4C-4955A5E7A933}.AppStore|iPhoneSimulator.Build.0 = Release|Any CPU
		{70F1C889-8162-455D-8F4C-4955A5E7A933}.Debug|Any CPU.ActiveCfg = Debug|Any CPU
		{70F1C889-8162-455D-8F4C-4955A5E7A933}.Debug|Any CPU.Build.0 = Debug|Any CPU
		{70F1C889-8162-455D-8F4C-4955A5E7A933}.Debug|iPhone.ActiveCfg = Debug|Any CPU
		{70F1C889-8162-455D-8F4C-4955A5E7A933}.Debug|iPhone.Build.0 = Debug|Any CPU
		{70F1C889-8162-455D-8F4C-4955A5E7A933}.Debug|iPhoneSimulator.ActiveCfg = Debug|Any CPU
		{70F1C889-8162-455D-8F4C-4955A5E7A933}.Debug|iPhoneSimulator.Build.0 = Debug|Any CPU
		{70F1C889-8162-455D-8F4C-4955A5E7A933}.Release|Any CPU.ActiveCfg = Release|Any CPU
		{70F1C889-8162-455D-8F4C-4955A5E7A933}.Release|Any CPU.Build.0 = Release|Any CPU
		{70F1C889-8162-455D-8F4C-4955A5E7A933}.Release|iPhone.ActiveCfg = Release|Any CPU
		{70F1C889-8162-455D-8F4C-4955A5E7A933}.Release|iPhone.Build.0 = Release|Any CPU
		{70F1C889-8162-455D-8F4C-4955A5E7A933}.Release|iPhoneSimulator.ActiveCfg = Release|Any CPU
		{70F1C889-8162-455D-8F4C-4955A5E7A933}.Release|iPhoneSimulator.Build.0 = Release|Any CPU
		{4B63F006-46E6-40A6-A844-704BB4852867}.Ad-Hoc|Any CPU.ActiveCfg = Release|Any CPU
		{4B63F006-46E6-40A6-A844-704BB4852867}.Ad-Hoc|Any CPU.Build.0 = Release|Any CPU
		{4B63F006-46E6-40A6-A844-704BB4852867}.Ad-Hoc|iPhone.ActiveCfg = Release|Any CPU
		{4B63F006-46E6-40A6-A844-704BB4852867}.Ad-Hoc|iPhone.Build.0 = Release|Any CPU
		{4B63F006-46E6-40A6-A844-704BB4852867}.Ad-Hoc|iPhoneSimulator.ActiveCfg = Release|Any CPU
		{4B63F006-46E6-40A6-A844-704BB4852867}.Ad-Hoc|iPhoneSimulator.Build.0 = Release|Any CPU
		{4B63F006-46E6-40A6-A844-704BB4852867}.AppStore|Any CPU.ActiveCfg = Release|Any CPU
		{4B63F006-46E6-40A6-A844-704BB4852867}.AppStore|Any CPU.Build.0 = Release|Any CPU
		{4B63F006-46E6-40A6-A844-704BB4852867}.AppStore|iPhone.ActiveCfg = Release|Any CPU
		{4B63F006-46E6-40A6-A844-704BB4852867}.AppStore|iPhone.Build.0 = Release|Any CPU
		{4B63F006-46E6-40A6-A844-704BB4852867}.AppStore|iPhoneSimulator.ActiveCfg = Release|Any CPU
		{4B63F006-46E6-40A6-A844-704BB4852867}.AppStore|iPhoneSimulator.Build.0 = Release|Any CPU
		{4B63F006-46E6-40A6-A844-704BB4852867}.Debug|Any CPU.ActiveCfg = Debug|Any CPU
		{4B63F006-46E6-40A6-A844-704BB4852867}.Debug|Any CPU.Build.0 = Debug|Any CPU
		{4B63F006-46E6-40A6-A844-704BB4852867}.Debug|iPhone.ActiveCfg = Debug|Any CPU
		{4B63F006-46E6-40A6-A844-704BB4852867}.Debug|iPhone.Build.0 = Debug|Any CPU
		{4B63F006-46E6-40A6-A844-704BB4852867}.Debug|iPhoneSimulator.ActiveCfg = Debug|Any CPU
		{4B63F006-46E6-40A6-A844-704BB4852867}.Debug|iPhoneSimulator.Build.0 = Debug|Any CPU
		{4B63F006-46E6-40A6-A844-704BB4852867}.Release|Any CPU.ActiveCfg = Release|Any CPU
		{4B63F006-46E6-40A6-A844-704BB4852867}.Release|Any CPU.Build.0 = Release|Any CPU
		{4B63F006-46E6-40A6-A844-704BB4852867}.Release|iPhone.ActiveCfg = Release|Any CPU
		{4B63F006-46E6-40A6-A844-704BB4852867}.Release|iPhone.Build.0 = Release|Any CPU
		{4B63F006-46E6-40A6-A844-704BB4852867}.Release|iPhoneSimulator.ActiveCfg = Release|Any CPU
		{4B63F006-46E6-40A6-A844-704BB4852867}.Release|iPhoneSimulator.Build.0 = Release|Any CPU
		{9B846BED-F7E5-4E44-B9CC-DC2AD64155A7}.Ad-Hoc|Any CPU.ActiveCfg = AppStore|Any CPU
		{9B846BED-F7E5-4E44-B9CC-DC2AD64155A7}.Ad-Hoc|Any CPU.Build.0 = AppStore|Any CPU
		{9B846BED-F7E5-4E44-B9CC-DC2AD64155A7}.Ad-Hoc|iPhone.ActiveCfg = AppStore|Any CPU
		{9B846BED-F7E5-4E44-B9CC-DC2AD64155A7}.Ad-Hoc|iPhone.Build.0 = AppStore|Any CPU
		{9B846BED-F7E5-4E44-B9CC-DC2AD64155A7}.Ad-Hoc|iPhoneSimulator.ActiveCfg = AppStore|Any CPU
		{9B846BED-F7E5-4E44-B9CC-DC2AD64155A7}.Ad-Hoc|iPhoneSimulator.Build.0 = AppStore|Any CPU
		{9B846BED-F7E5-4E44-B9CC-DC2AD64155A7}.AppStore|Any CPU.ActiveCfg = AppStore|Any CPU
		{9B846BED-F7E5-4E44-B9CC-DC2AD64155A7}.AppStore|Any CPU.Build.0 = AppStore|Any CPU
		{9B846BED-F7E5-4E44-B9CC-DC2AD64155A7}.AppStore|iPhone.ActiveCfg = AppStore|Any CPU
		{9B846BED-F7E5-4E44-B9CC-DC2AD64155A7}.AppStore|iPhone.Build.0 = AppStore|Any CPU
		{9B846BED-F7E5-4E44-B9CC-DC2AD64155A7}.AppStore|iPhoneSimulator.ActiveCfg = AppStore|Any CPU
		{9B846BED-F7E5-4E44-B9CC-DC2AD64155A7}.AppStore|iPhoneSimulator.Build.0 = AppStore|Any CPU
		{9B846BED-F7E5-4E44-B9CC-DC2AD64155A7}.Debug|Any CPU.ActiveCfg = Debug|Any CPU
		{9B846BED-F7E5-4E44-B9CC-DC2AD64155A7}.Debug|Any CPU.Build.0 = Debug|Any CPU
		{9B846BED-F7E5-4E44-B9CC-DC2AD64155A7}.Debug|iPhone.ActiveCfg = Debug|Any CPU
		{9B846BED-F7E5-4E44-B9CC-DC2AD64155A7}.Debug|iPhone.Build.0 = Debug|Any CPU
		{9B846BED-F7E5-4E44-B9CC-DC2AD64155A7}.Debug|iPhoneSimulator.ActiveCfg = Debug|Any CPU
		{9B846BED-F7E5-4E44-B9CC-DC2AD64155A7}.Debug|iPhoneSimulator.Build.0 = Debug|Any CPU
		{9B846BED-F7E5-4E44-B9CC-DC2AD64155A7}.Release|Any CPU.ActiveCfg = Release|Any CPU
		{9B846BED-F7E5-4E44-B9CC-DC2AD64155A7}.Release|Any CPU.Build.0 = Release|Any CPU
		{9B846BED-F7E5-4E44-B9CC-DC2AD64155A7}.Release|iPhone.ActiveCfg = Release|Any CPU
		{9B846BED-F7E5-4E44-B9CC-DC2AD64155A7}.Release|iPhone.Build.0 = Release|Any CPU
		{9B846BED-F7E5-4E44-B9CC-DC2AD64155A7}.Release|iPhoneSimulator.ActiveCfg = Release|Any CPU
		{9B846BED-F7E5-4E44-B9CC-DC2AD64155A7}.Release|iPhoneSimulator.Build.0 = Release|Any CPU
	EndGlobalSection
	GlobalSection(SolutionProperties) = preSolution
		HideSolutionNode = FALSE
	EndGlobalSection
	GlobalSection(NestedProjects) = preSolution
		{6F17C179-0935-4681-AF4C-B1B5DE2AD6CE} = {529382AD-F2B2-4EAA-97FF-C4622DC81D4B}
		{800C56E5-50B9-4CBB-89CC-26457BE103F3} = {529382AD-F2B2-4EAA-97FF-C4622DC81D4B}
		{629DD240-4CD3-4116-A2BE-D8DA783DDD2C} = {529382AD-F2B2-4EAA-97FF-C4622DC81D4B}
		{91435741-B785-4FD8-B486-FA157FD55852} = {70584D47-5C81-4C41-BA98-B5E6D9B8A40E}
		{374D4C1C-2945-4E32-8BD0-C4EF2173E574} = {70584D47-5C81-4C41-BA98-B5E6D9B8A40E}
		{DDB1F4BB-5F0B-44FA-B236-903F32767036} = {70584D47-5C81-4C41-BA98-B5E6D9B8A40E}
		{2A306BCD-93C6-4CB8-8922-3A76B22BCE45} = {70584D47-5C81-4C41-BA98-B5E6D9B8A40E}
		{70F1C889-8162-455D-8F4C-4955A5E7A933} = {2A306BCD-93C6-4CB8-8922-3A76B22BCE45}
		{4B63F006-46E6-40A6-A844-704BB4852867} = {2A306BCD-93C6-4CB8-8922-3A76B22BCE45}
		{9B846BED-F7E5-4E44-B9CC-DC2AD64155A7} = {2A306BCD-93C6-4CB8-8922-3A76B22BCE45}
	EndGlobalSection
EndGlobal
