
Microsoft Visual Studio Solution File, Format Version 12.00
# Visual Studio 15
VisualStudioVersion = 15.0.27130.2027
MinimumVisualStudioVersion = 10.0.40219.1
Project("{2150E333-8FDC-42A3-9474-1A3956D46DE8}") = "Lib", "Lib", "{70584D47-5C81-4C41-BA98-B5E6D9B8A40E}"
EndProject
Project("{2150E333-8FDC-42A3-9474-1A3956D46DE8}") = "Test", "Test", "{4E217353-F4C5-4316-A1E2-604F85381422}"
EndProject
Project("{9A19103F-16F7-4668-BE54-9A1E7A4F7556}") = "PCLAppConfig", "Lib\PCLAppConfig\PCLAppConfig.csproj", "{91435741-B785-4FD8-B486-FA157FD55852}"
EndProject
Project("{2150E333-8FDC-42A3-9474-1A3956D46DE8}") = "Demo", "Demo", "{4E978199-599F-4001-A863-5746204F8B1D}"
EndProject
Project("{FAE04EC0-301F-11D3-BF4B-00C04F79EFBC}") = "DemoApp.Droid", "DemoApp\DemoApp.Droid\DemoApp.Droid.csproj", "{7349A370-3A72-471B-8183-39BBDD0A3585}"
EndProject
Project("{FAE04EC0-301F-11D3-BF4B-00C04F79EFBC}") = "DemoApp.iOS", "DemoApp\DemoApp.iOS\DemoApp.iOS.csproj", "{12D8F66C-50F9-44D9-866C-9D2BE6F8F737}"
EndProject
Project("{FAE04EC0-301F-11D3-BF4B-00C04F79EFBC}") = "DemoApp.UWP", "DemoApp\DemoApp.UWP\DemoApp.UWP.csproj", "{C6CD8530-FECA-4B06-AFDD-7CC02D00FD4C}"
EndProject
Project("{9A19103F-16F7-4668-BE54-9A1E7A4F7556}") = "DemoApp", "DemoApp\DemoApp\DemoApp.csproj", "{03B96875-A80D-4610-9B73-F3BE382314F4}"
EndProject
Project("{9A19103F-16F7-4668-BE54-9A1E7A4F7556}") = "PCLAppConfig.FileSystemStream", "Lib\PCLAppConfig.FileSystemStream\PCLAppConfig.FileSystemStream.csproj", "{7F2D2561-0F78-4597-9E09-043E757BFCE5}"
EndProject
Project("{FAE04EC0-301F-11D3-BF4B-00C04F79EFBC}") = "PCLAppConfig.FileSystemStream.Android", "Lib\PCLAppConfig.FileSystemStream.Android\PCLAppConfig.FileSystemStream.Android.csproj", "{61ABABA0-1EB5-44E9-AEC1-86430846E590}"
EndProject
Project("{FAE04EC0-301F-11D3-BF4B-00C04F79EFBC}") = "PCLAppConfig.FileSystemStream.UWP", "Lib\PCLAppConfig.FileSystemStream.UWP\PCLAppConfig.FileSystemStream.UWP.csproj", "{E16B54F1-FDFC-446E-9F15-D3C61F58F70D}"
EndProject
Project("{FAE04EC0-301F-11D3-BF4B-00C04F79EFBC}") = "PCLAppConfig.FileSystemStream.iOS", "Lib\PCLAppConfig.FileSystemStream.iOS\PCLAppConfig.FileSystemStream.iOS.csproj", "{C556294C-E117-469D-9A53-CC215DBA4EB9}"
EndProject
Project("{9A19103F-16F7-4668-BE54-9A1E7A4F7556}") = "PCLAppConfig.FileSystemStream.Abstractions", "Lib\PCLAppConfig.FileSystemStream.Abstractions\PCLAppConfig.FileSystemStream.Abstractions.csproj", "{47ADF18F-1BB7-45AE-ADDB-FA9291F2C532}"
EndProject
Project("{2150E333-8FDC-42A3-9474-1A3956D46DE8}") = "Solution Items", "Solution Items", "{9D100221-BC18-4732-847E-6A6AEFB0FCBD}"
	ProjectSection(SolutionItems) = preProject
		global.json = global.json
		PCLAppConfig.nuspec = PCLAppConfig.nuspec
	EndProjectSection
EndProject
Project("{FAE04EC0-301F-11D3-BF4B-00C04F79EFBC}") = "PCLAppConfig.UnitTest", "Test\PCLAppConfig.UnitTest\PCLAppConfig.UnitTest.csproj", "{F9FFEE2C-2397-411D-8D55-4D4F333B3938}"
EndProject
Project("{FAE04EC0-301F-11D3-BF4B-00C04F79EFBC}") = "PCLAppConfig.FileSystemStream.Desktop", "Lib\PCLAppConfig.FileSystemStream.Desktop\PCLAppConfig.FileSystemStream.Desktop.csproj", "{5F1B87FA-7426-4994-AA7D-914C4F86985F}"
EndProject
Global
	GlobalSection(SolutionConfigurationPlatforms) = preSolution
		Ad-Hoc|Any CPU = Ad-Hoc|Any CPU
		Ad-Hoc|ARM = Ad-Hoc|ARM
		Ad-Hoc|iPhone = Ad-Hoc|iPhone
		Ad-Hoc|iPhoneSimulator = Ad-Hoc|iPhoneSimulator
		Ad-Hoc|x64 = Ad-Hoc|x64
		Ad-Hoc|x86 = Ad-Hoc|x86
		AppStore|Any CPU = AppStore|Any CPU
		AppStore|ARM = AppStore|ARM
		AppStore|iPhone = AppStore|iPhone
		AppStore|iPhoneSimulator = AppStore|iPhoneSimulator
		AppStore|x64 = AppStore|x64
		AppStore|x86 = AppStore|x86
		Debug|Any CPU = Debug|Any CPU
		Debug|ARM = Debug|ARM
		Debug|iPhone = Debug|iPhone
		Debug|iPhoneSimulator = Debug|iPhoneSimulator
		Debug|x64 = Debug|x64
		Debug|x86 = Debug|x86
		Release|Any CPU = Release|Any CPU
		Release|ARM = Release|ARM
		Release|iPhone = Release|iPhone
		Release|iPhoneSimulator = Release|iPhoneSimulator
		Release|x64 = Release|x64
		Release|x86 = Release|x86
	EndGlobalSection
	GlobalSection(ProjectConfigurationPlatforms) = postSolution
		{91435741-B785-4FD8-B486-FA157FD55852}.Ad-Hoc|Any CPU.ActiveCfg = Release|Any CPU
		{91435741-B785-4FD8-B486-FA157FD55852}.Ad-Hoc|Any CPU.Build.0 = Release|Any CPU
		{91435741-B785-4FD8-B486-FA157FD55852}.Ad-Hoc|ARM.ActiveCfg = Debug|Any CPU
		{91435741-B785-4FD8-B486-FA157FD55852}.Ad-Hoc|ARM.Build.0 = Debug|Any CPU
		{91435741-B785-4FD8-B486-FA157FD55852}.Ad-Hoc|iPhone.ActiveCfg = Release|Any CPU
		{91435741-B785-4FD8-B486-FA157FD55852}.Ad-Hoc|iPhone.Build.0 = Release|Any CPU
		{91435741-B785-4FD8-B486-FA157FD55852}.Ad-Hoc|iPhoneSimulator.ActiveCfg = Release|Any CPU
		{91435741-B785-4FD8-B486-FA157FD55852}.Ad-Hoc|iPhoneSimulator.Build.0 = Release|Any CPU
		{91435741-B785-4FD8-B486-FA157FD55852}.Ad-Hoc|x64.ActiveCfg = Debug|Any CPU
		{91435741-B785-4FD8-B486-FA157FD55852}.Ad-Hoc|x64.Build.0 = Debug|Any CPU
		{91435741-B785-4FD8-B486-FA157FD55852}.Ad-Hoc|x86.ActiveCfg = Debug|Any CPU
		{91435741-B785-4FD8-B486-FA157FD55852}.Ad-Hoc|x86.Build.0 = Debug|Any CPU
		{91435741-B785-4FD8-B486-FA157FD55852}.AppStore|Any CPU.ActiveCfg = Release|Any CPU
		{91435741-B785-4FD8-B486-FA157FD55852}.AppStore|Any CPU.Build.0 = Release|Any CPU
		{91435741-B785-4FD8-B486-FA157FD55852}.AppStore|ARM.ActiveCfg = Debug|Any CPU
		{91435741-B785-4FD8-B486-FA157FD55852}.AppStore|ARM.Build.0 = Debug|Any CPU
		{91435741-B785-4FD8-B486-FA157FD55852}.AppStore|iPhone.ActiveCfg = Release|Any CPU
		{91435741-B785-4FD8-B486-FA157FD55852}.AppStore|iPhone.Build.0 = Release|Any CPU
		{91435741-B785-4FD8-B486-FA157FD55852}.AppStore|iPhoneSimulator.ActiveCfg = Release|Any CPU
		{91435741-B785-4FD8-B486-FA157FD55852}.AppStore|iPhoneSimulator.Build.0 = Release|Any CPU
		{91435741-B785-4FD8-B486-FA157FD55852}.AppStore|x64.ActiveCfg = Debug|Any CPU
		{91435741-B785-4FD8-B486-FA157FD55852}.AppStore|x64.Build.0 = Debug|Any CPU
		{91435741-B785-4FD8-B486-FA157FD55852}.AppStore|x86.ActiveCfg = Debug|Any CPU
		{91435741-B785-4FD8-B486-FA157FD55852}.AppStore|x86.Build.0 = Debug|Any CPU
		{91435741-B785-4FD8-B486-FA157FD55852}.Debug|Any CPU.ActiveCfg = Debug|Any CPU
		{91435741-B785-4FD8-B486-FA157FD55852}.Debug|Any CPU.Build.0 = Debug|Any CPU
		{91435741-B785-4FD8-B486-FA157FD55852}.Debug|ARM.ActiveCfg = Debug|Any CPU
		{91435741-B785-4FD8-B486-FA157FD55852}.Debug|ARM.Build.0 = Debug|Any CPU
		{91435741-B785-4FD8-B486-FA157FD55852}.Debug|iPhone.ActiveCfg = Debug|Any CPU
		{91435741-B785-4FD8-B486-FA157FD55852}.Debug|iPhone.Build.0 = Debug|Any CPU
		{91435741-B785-4FD8-B486-FA157FD55852}.Debug|iPhoneSimulator.ActiveCfg = Debug|Any CPU
		{91435741-B785-4FD8-B486-FA157FD55852}.Debug|iPhoneSimulator.Build.0 = Debug|Any CPU
		{91435741-B785-4FD8-B486-FA157FD55852}.Debug|x64.ActiveCfg = Debug|Any CPU
		{91435741-B785-4FD8-B486-FA157FD55852}.Debug|x64.Build.0 = Debug|Any CPU
		{91435741-B785-4FD8-B486-FA157FD55852}.Debug|x86.ActiveCfg = Debug|Any CPU
		{91435741-B785-4FD8-B486-FA157FD55852}.Debug|x86.Build.0 = Debug|Any CPU
		{91435741-B785-4FD8-B486-FA157FD55852}.Release|Any CPU.ActiveCfg = Release|Any CPU
		{91435741-B785-4FD8-B486-FA157FD55852}.Release|Any CPU.Build.0 = Release|Any CPU
		{91435741-B785-4FD8-B486-FA157FD55852}.Release|ARM.ActiveCfg = Release|Any CPU
		{91435741-B785-4FD8-B486-FA157FD55852}.Release|ARM.Build.0 = Release|Any CPU
		{91435741-B785-4FD8-B486-FA157FD55852}.Release|iPhone.ActiveCfg = Release|Any CPU
		{91435741-B785-4FD8-B486-FA157FD55852}.Release|iPhone.Build.0 = Release|Any CPU
		{91435741-B785-4FD8-B486-FA157FD55852}.Release|iPhoneSimulator.ActiveCfg = Release|Any CPU
		{91435741-B785-4FD8-B486-FA157FD55852}.Release|iPhoneSimulator.Build.0 = Release|Any CPU
		{91435741-B785-4FD8-B486-FA157FD55852}.Release|x64.ActiveCfg = Release|Any CPU
		{91435741-B785-4FD8-B486-FA157FD55852}.Release|x64.Build.0 = Release|Any CPU
		{91435741-B785-4FD8-B486-FA157FD55852}.Release|x86.ActiveCfg = Release|Any CPU
		{91435741-B785-4FD8-B486-FA157FD55852}.Release|x86.Build.0 = Release|Any CPU
		{7349A370-3A72-471B-8183-39BBDD0A3585}.Ad-Hoc|Any CPU.ActiveCfg = Release|Any CPU
		{7349A370-3A72-471B-8183-39BBDD0A3585}.Ad-Hoc|Any CPU.Build.0 = Release|Any CPU
		{7349A370-3A72-471B-8183-39BBDD0A3585}.Ad-Hoc|Any CPU.Deploy.0 = Release|Any CPU
		{7349A370-3A72-471B-8183-39BBDD0A3585}.Ad-Hoc|ARM.ActiveCfg = Release|Any CPU
		{7349A370-3A72-471B-8183-39BBDD0A3585}.Ad-Hoc|ARM.Build.0 = Release|Any CPU
		{7349A370-3A72-471B-8183-39BBDD0A3585}.Ad-Hoc|ARM.Deploy.0 = Release|Any CPU
		{7349A370-3A72-471B-8183-39BBDD0A3585}.Ad-Hoc|iPhone.ActiveCfg = Release|Any CPU
		{7349A370-3A72-471B-8183-39BBDD0A3585}.Ad-Hoc|iPhone.Build.0 = Release|Any CPU
		{7349A370-3A72-471B-8183-39BBDD0A3585}.Ad-Hoc|iPhone.Deploy.0 = Release|Any CPU
		{7349A370-3A72-471B-8183-39BBDD0A3585}.Ad-Hoc|iPhoneSimulator.ActiveCfg = Release|Any CPU
		{7349A370-3A72-471B-8183-39BBDD0A3585}.Ad-Hoc|iPhoneSimulator.Build.0 = Release|Any CPU
		{7349A370-3A72-471B-8183-39BBDD0A3585}.Ad-Hoc|iPhoneSimulator.Deploy.0 = Release|Any CPU
		{7349A370-3A72-471B-8183-39BBDD0A3585}.Ad-Hoc|x64.ActiveCfg = Release|Any CPU
		{7349A370-3A72-471B-8183-39BBDD0A3585}.Ad-Hoc|x64.Build.0 = Release|Any CPU
		{7349A370-3A72-471B-8183-39BBDD0A3585}.Ad-Hoc|x64.Deploy.0 = Release|Any CPU
		{7349A370-3A72-471B-8183-39BBDD0A3585}.Ad-Hoc|x86.ActiveCfg = Release|Any CPU
		{7349A370-3A72-471B-8183-39BBDD0A3585}.Ad-Hoc|x86.Build.0 = Release|Any CPU
		{7349A370-3A72-471B-8183-39BBDD0A3585}.Ad-Hoc|x86.Deploy.0 = Release|Any CPU
		{7349A370-3A72-471B-8183-39BBDD0A3585}.AppStore|Any CPU.ActiveCfg = Release|Any CPU
		{7349A370-3A72-471B-8183-39BBDD0A3585}.AppStore|Any CPU.Build.0 = Release|Any CPU
		{7349A370-3A72-471B-8183-39BBDD0A3585}.AppStore|Any CPU.Deploy.0 = Release|Any CPU
		{7349A370-3A72-471B-8183-39BBDD0A3585}.AppStore|ARM.ActiveCfg = Release|Any CPU
		{7349A370-3A72-471B-8183-39BBDD0A3585}.AppStore|ARM.Build.0 = Release|Any CPU
		{7349A370-3A72-471B-8183-39BBDD0A3585}.AppStore|ARM.Deploy.0 = Release|Any CPU
		{7349A370-3A72-471B-8183-39BBDD0A3585}.AppStore|iPhone.ActiveCfg = Release|Any CPU
		{7349A370-3A72-471B-8183-39BBDD0A3585}.AppStore|iPhone.Build.0 = Release|Any CPU
		{7349A370-3A72-471B-8183-39BBDD0A3585}.AppStore|iPhone.Deploy.0 = Release|Any CPU
		{7349A370-3A72-471B-8183-39BBDD0A3585}.AppStore|iPhoneSimulator.ActiveCfg = Release|Any CPU
		{7349A370-3A72-471B-8183-39BBDD0A3585}.AppStore|iPhoneSimulator.Build.0 = Release|Any CPU
		{7349A370-3A72-471B-8183-39BBDD0A3585}.AppStore|iPhoneSimulator.Deploy.0 = Release|Any CPU
		{7349A370-3A72-471B-8183-39BBDD0A3585}.AppStore|x64.ActiveCfg = Release|Any CPU
		{7349A370-3A72-471B-8183-39BBDD0A3585}.AppStore|x64.Build.0 = Release|Any CPU
		{7349A370-3A72-471B-8183-39BBDD0A3585}.AppStore|x64.Deploy.0 = Release|Any CPU
		{7349A370-3A72-471B-8183-39BBDD0A3585}.AppStore|x86.ActiveCfg = Release|Any CPU
		{7349A370-3A72-471B-8183-39BBDD0A3585}.AppStore|x86.Build.0 = Release|Any CPU
		{7349A370-3A72-471B-8183-39BBDD0A3585}.AppStore|x86.Deploy.0 = Release|Any CPU
		{7349A370-3A72-471B-8183-39BBDD0A3585}.Debug|Any CPU.ActiveCfg = Debug|Any CPU
		{7349A370-3A72-471B-8183-39BBDD0A3585}.Debug|Any CPU.Build.0 = Debug|Any CPU
		{7349A370-3A72-471B-8183-39BBDD0A3585}.Debug|Any CPU.Deploy.0 = Debug|Any CPU
		{7349A370-3A72-471B-8183-39BBDD0A3585}.Debug|ARM.ActiveCfg = Debug|Any CPU
		{7349A370-3A72-471B-8183-39BBDD0A3585}.Debug|ARM.Build.0 = Debug|Any CPU
		{7349A370-3A72-471B-8183-39BBDD0A3585}.Debug|ARM.Deploy.0 = Debug|Any CPU
		{7349A370-3A72-471B-8183-39BBDD0A3585}.Debug|iPhone.ActiveCfg = Debug|Any CPU
		{7349A370-3A72-471B-8183-39BBDD0A3585}.Debug|iPhone.Build.0 = Debug|Any CPU
		{7349A370-3A72-471B-8183-39BBDD0A3585}.Debug|iPhone.Deploy.0 = Debug|Any CPU
		{7349A370-3A72-471B-8183-39BBDD0A3585}.Debug|iPhoneSimulator.ActiveCfg = Debug|Any CPU
		{7349A370-3A72-471B-8183-39BBDD0A3585}.Debug|iPhoneSimulator.Build.0 = Debug|Any CPU
		{7349A370-3A72-471B-8183-39BBDD0A3585}.Debug|iPhoneSimulator.Deploy.0 = Debug|Any CPU
		{7349A370-3A72-471B-8183-39BBDD0A3585}.Debug|x64.ActiveCfg = Debug|Any CPU
		{7349A370-3A72-471B-8183-39BBDD0A3585}.Debug|x64.Build.0 = Debug|Any CPU
		{7349A370-3A72-471B-8183-39BBDD0A3585}.Debug|x64.Deploy.0 = Debug|Any CPU
		{7349A370-3A72-471B-8183-39BBDD0A3585}.Debug|x86.ActiveCfg = Debug|Any CPU
		{7349A370-3A72-471B-8183-39BBDD0A3585}.Debug|x86.Build.0 = Debug|Any CPU
		{7349A370-3A72-471B-8183-39BBDD0A3585}.Debug|x86.Deploy.0 = Debug|Any CPU
		{7349A370-3A72-471B-8183-39BBDD0A3585}.Release|Any CPU.ActiveCfg = Release|Any CPU
		{7349A370-3A72-471B-8183-39BBDD0A3585}.Release|Any CPU.Build.0 = Release|Any CPU
		{7349A370-3A72-471B-8183-39BBDD0A3585}.Release|Any CPU.Deploy.0 = Release|Any CPU
		{7349A370-3A72-471B-8183-39BBDD0A3585}.Release|ARM.ActiveCfg = Release|Any CPU
		{7349A370-3A72-471B-8183-39BBDD0A3585}.Release|ARM.Build.0 = Release|Any CPU
		{7349A370-3A72-471B-8183-39BBDD0A3585}.Release|ARM.Deploy.0 = Release|Any CPU
		{7349A370-3A72-471B-8183-39BBDD0A3585}.Release|iPhone.ActiveCfg = Release|Any CPU
		{7349A370-3A72-471B-8183-39BBDD0A3585}.Release|iPhone.Build.0 = Release|Any CPU
		{7349A370-3A72-471B-8183-39BBDD0A3585}.Release|iPhone.Deploy.0 = Release|Any CPU
		{7349A370-3A72-471B-8183-39BBDD0A3585}.Release|iPhoneSimulator.ActiveCfg = Release|Any CPU
		{7349A370-3A72-471B-8183-39BBDD0A3585}.Release|iPhoneSimulator.Build.0 = Release|Any CPU
		{7349A370-3A72-471B-8183-39BBDD0A3585}.Release|iPhoneSimulator.Deploy.0 = Release|Any CPU
		{7349A370-3A72-471B-8183-39BBDD0A3585}.Release|x64.ActiveCfg = Release|Any CPU
		{7349A370-3A72-471B-8183-39BBDD0A3585}.Release|x64.Build.0 = Release|Any CPU
		{7349A370-3A72-471B-8183-39BBDD0A3585}.Release|x64.Deploy.0 = Release|Any CPU
		{7349A370-3A72-471B-8183-39BBDD0A3585}.Release|x86.ActiveCfg = Release|Any CPU
		{7349A370-3A72-471B-8183-39BBDD0A3585}.Release|x86.Build.0 = Release|Any CPU
		{7349A370-3A72-471B-8183-39BBDD0A3585}.Release|x86.Deploy.0 = Release|Any CPU
		{12D8F66C-50F9-44D9-866C-9D2BE6F8F737}.Ad-Hoc|Any CPU.ActiveCfg = Ad-Hoc|iPhone
		{12D8F66C-50F9-44D9-866C-9D2BE6F8F737}.Ad-Hoc|ARM.ActiveCfg = Ad-Hoc|iPhone
		{12D8F66C-50F9-44D9-866C-9D2BE6F8F737}.Ad-Hoc|iPhone.ActiveCfg = Ad-Hoc|iPhone
		{12D8F66C-50F9-44D9-866C-9D2BE6F8F737}.Ad-Hoc|iPhone.Build.0 = Ad-Hoc|iPhone
		{12D8F66C-50F9-44D9-866C-9D2BE6F8F737}.Ad-Hoc|iPhoneSimulator.ActiveCfg = Ad-Hoc|iPhoneSimulator
		{12D8F66C-50F9-44D9-866C-9D2BE6F8F737}.Ad-Hoc|iPhoneSimulator.Build.0 = Ad-Hoc|iPhoneSimulator
		{12D8F66C-50F9-44D9-866C-9D2BE6F8F737}.Ad-Hoc|x64.ActiveCfg = Ad-Hoc|iPhone
		{12D8F66C-50F9-44D9-866C-9D2BE6F8F737}.Ad-Hoc|x86.ActiveCfg = Ad-Hoc|iPhone
		{12D8F66C-50F9-44D9-866C-9D2BE6F8F737}.AppStore|Any CPU.ActiveCfg = AppStore|iPhone
		{12D8F66C-50F9-44D9-866C-9D2BE6F8F737}.AppStore|ARM.ActiveCfg = AppStore|iPhone
		{12D8F66C-50F9-44D9-866C-9D2BE6F8F737}.AppStore|iPhone.ActiveCfg = AppStore|iPhone
		{12D8F66C-50F9-44D9-866C-9D2BE6F8F737}.AppStore|iPhone.Build.0 = AppStore|iPhone
		{12D8F66C-50F9-44D9-866C-9D2BE6F8F737}.AppStore|iPhoneSimulator.ActiveCfg = AppStore|iPhoneSimulator
		{12D8F66C-50F9-44D9-866C-9D2BE6F8F737}.AppStore|iPhoneSimulator.Build.0 = AppStore|iPhoneSimulator
		{12D8F66C-50F9-44D9-866C-9D2BE6F8F737}.AppStore|x64.ActiveCfg = AppStore|iPhone
		{12D8F66C-50F9-44D9-866C-9D2BE6F8F737}.AppStore|x86.ActiveCfg = AppStore|iPhone
		{12D8F66C-50F9-44D9-866C-9D2BE6F8F737}.Debug|Any CPU.ActiveCfg = Debug|iPhone
		{12D8F66C-50F9-44D9-866C-9D2BE6F8F737}.Debug|ARM.ActiveCfg = Debug|iPhone
		{12D8F66C-50F9-44D9-866C-9D2BE6F8F737}.Debug|iPhone.ActiveCfg = Debug|iPhone
		{12D8F66C-50F9-44D9-866C-9D2BE6F8F737}.Debug|iPhone.Build.0 = Debug|iPhone
		{12D8F66C-50F9-44D9-866C-9D2BE6F8F737}.Debug|iPhoneSimulator.ActiveCfg = Debug|iPhoneSimulator
		{12D8F66C-50F9-44D9-866C-9D2BE6F8F737}.Debug|iPhoneSimulator.Build.0 = Debug|iPhoneSimulator
		{12D8F66C-50F9-44D9-866C-9D2BE6F8F737}.Debug|x64.ActiveCfg = Debug|iPhone
		{12D8F66C-50F9-44D9-866C-9D2BE6F8F737}.Debug|x86.ActiveCfg = Debug|iPhone
		{12D8F66C-50F9-44D9-866C-9D2BE6F8F737}.Release|Any CPU.ActiveCfg = Release|iPhone
		{12D8F66C-50F9-44D9-866C-9D2BE6F8F737}.Release|ARM.ActiveCfg = Release|iPhone
		{12D8F66C-50F9-44D9-866C-9D2BE6F8F737}.Release|iPhone.ActiveCfg = Release|iPhone
		{12D8F66C-50F9-44D9-866C-9D2BE6F8F737}.Release|iPhone.Build.0 = Release|iPhone
		{12D8F66C-50F9-44D9-866C-9D2BE6F8F737}.Release|iPhoneSimulator.ActiveCfg = Release|iPhoneSimulator
		{12D8F66C-50F9-44D9-866C-9D2BE6F8F737}.Release|iPhoneSimulator.Build.0 = Release|iPhoneSimulator
		{12D8F66C-50F9-44D9-866C-9D2BE6F8F737}.Release|x64.ActiveCfg = Release|iPhone
		{12D8F66C-50F9-44D9-866C-9D2BE6F8F737}.Release|x86.ActiveCfg = Release|iPhone
		{C6CD8530-FECA-4B06-AFDD-7CC02D00FD4C}.Ad-Hoc|Any CPU.ActiveCfg = Release|x86
		{C6CD8530-FECA-4B06-AFDD-7CC02D00FD4C}.Ad-Hoc|Any CPU.Build.0 = Release|x86
		{C6CD8530-FECA-4B06-AFDD-7CC02D00FD4C}.Ad-Hoc|Any CPU.Deploy.0 = Release|x86
		{C6CD8530-FECA-4B06-AFDD-7CC02D00FD4C}.Ad-Hoc|ARM.ActiveCfg = Release|ARM
		{C6CD8530-FECA-4B06-AFDD-7CC02D00FD4C}.Ad-Hoc|ARM.Build.0 = Release|ARM
		{C6CD8530-FECA-4B06-AFDD-7CC02D00FD4C}.Ad-Hoc|ARM.Deploy.0 = Release|ARM
		{C6CD8530-FECA-4B06-AFDD-7CC02D00FD4C}.Ad-Hoc|iPhone.ActiveCfg = Release|x86
		{C6CD8530-FECA-4B06-AFDD-7CC02D00FD4C}.Ad-Hoc|iPhone.Build.0 = Release|x86
		{C6CD8530-FECA-4B06-AFDD-7CC02D00FD4C}.Ad-Hoc|iPhone.Deploy.0 = Release|x86
		{C6CD8530-FECA-4B06-AFDD-7CC02D00FD4C}.Ad-Hoc|iPhoneSimulator.ActiveCfg = Release|x86
		{C6CD8530-FECA-4B06-AFDD-7CC02D00FD4C}.Ad-Hoc|iPhoneSimulator.Build.0 = Release|x86
		{C6CD8530-FECA-4B06-AFDD-7CC02D00FD4C}.Ad-Hoc|iPhoneSimulator.Deploy.0 = Release|x86
		{C6CD8530-FECA-4B06-AFDD-7CC02D00FD4C}.Ad-Hoc|x64.ActiveCfg = Release|x64
		{C6CD8530-FECA-4B06-AFDD-7CC02D00FD4C}.Ad-Hoc|x64.Build.0 = Release|x64
		{C6CD8530-FECA-4B06-AFDD-7CC02D00FD4C}.Ad-Hoc|x64.Deploy.0 = Release|x64
		{C6CD8530-FECA-4B06-AFDD-7CC02D00FD4C}.Ad-Hoc|x86.ActiveCfg = Release|x86
		{C6CD8530-FECA-4B06-AFDD-7CC02D00FD4C}.Ad-Hoc|x86.Build.0 = Release|x86
		{C6CD8530-FECA-4B06-AFDD-7CC02D00FD4C}.Ad-Hoc|x86.Deploy.0 = Release|x86
		{C6CD8530-FECA-4B06-AFDD-7CC02D00FD4C}.AppStore|Any CPU.ActiveCfg = Release|x86
		{C6CD8530-FECA-4B06-AFDD-7CC02D00FD4C}.AppStore|Any CPU.Build.0 = Release|x86
		{C6CD8530-FECA-4B06-AFDD-7CC02D00FD4C}.AppStore|Any CPU.Deploy.0 = Release|x86
		{C6CD8530-FECA-4B06-AFDD-7CC02D00FD4C}.AppStore|ARM.ActiveCfg = Release|ARM
		{C6CD8530-FECA-4B06-AFDD-7CC02D00FD4C}.AppStore|ARM.Build.0 = Release|ARM
		{C6CD8530-FECA-4B06-AFDD-7CC02D00FD4C}.AppStore|ARM.Deploy.0 = Release|ARM
		{C6CD8530-FECA-4B06-AFDD-7CC02D00FD4C}.AppStore|iPhone.ActiveCfg = Release|x86
		{C6CD8530-FECA-4B06-AFDD-7CC02D00FD4C}.AppStore|iPhone.Build.0 = Release|x86
		{C6CD8530-FECA-4B06-AFDD-7CC02D00FD4C}.AppStore|iPhone.Deploy.0 = Release|x86
		{C6CD8530-FECA-4B06-AFDD-7CC02D00FD4C}.AppStore|iPhoneSimulator.ActiveCfg = Release|x86
		{C6CD8530-FECA-4B06-AFDD-7CC02D00FD4C}.AppStore|iPhoneSimulator.Build.0 = Release|x86
		{C6CD8530-FECA-4B06-AFDD-7CC02D00FD4C}.AppStore|iPhoneSimulator.Deploy.0 = Release|x86
		{C6CD8530-FECA-4B06-AFDD-7CC02D00FD4C}.AppStore|x64.ActiveCfg = Release|x64
		{C6CD8530-FECA-4B06-AFDD-7CC02D00FD4C}.AppStore|x64.Build.0 = Release|x64
		{C6CD8530-FECA-4B06-AFDD-7CC02D00FD4C}.AppStore|x64.Deploy.0 = Release|x64
		{C6CD8530-FECA-4B06-AFDD-7CC02D00FD4C}.AppStore|x86.ActiveCfg = Release|x86
		{C6CD8530-FECA-4B06-AFDD-7CC02D00FD4C}.AppStore|x86.Build.0 = Release|x86
		{C6CD8530-FECA-4B06-AFDD-7CC02D00FD4C}.AppStore|x86.Deploy.0 = Release|x86
		{C6CD8530-FECA-4B06-AFDD-7CC02D00FD4C}.Debug|Any CPU.ActiveCfg = Debug|x86
		{C6CD8530-FECA-4B06-AFDD-7CC02D00FD4C}.Debug|ARM.ActiveCfg = Debug|ARM
		{C6CD8530-FECA-4B06-AFDD-7CC02D00FD4C}.Debug|ARM.Build.0 = Debug|ARM
		{C6CD8530-FECA-4B06-AFDD-7CC02D00FD4C}.Debug|ARM.Deploy.0 = Debug|ARM
		{C6CD8530-FECA-4B06-AFDD-7CC02D00FD4C}.Debug|iPhone.ActiveCfg = Debug|x86
		{C6CD8530-FECA-4B06-AFDD-7CC02D00FD4C}.Debug|iPhoneSimulator.ActiveCfg = Debug|x86
		{C6CD8530-FECA-4B06-AFDD-7CC02D00FD4C}.Debug|x64.ActiveCfg = Debug|x64
		{C6CD8530-FECA-4B06-AFDD-7CC02D00FD4C}.Debug|x64.Build.0 = Debug|x64
		{C6CD8530-FECA-4B06-AFDD-7CC02D00FD4C}.Debug|x64.Deploy.0 = Debug|x64
		{C6CD8530-FECA-4B06-AFDD-7CC02D00FD4C}.Debug|x86.ActiveCfg = Debug|x86
		{C6CD8530-FECA-4B06-AFDD-7CC02D00FD4C}.Debug|x86.Build.0 = Debug|x86
		{C6CD8530-FECA-4B06-AFDD-7CC02D00FD4C}.Debug|x86.Deploy.0 = Debug|x86
		{C6CD8530-FECA-4B06-AFDD-7CC02D00FD4C}.Release|Any CPU.ActiveCfg = Release|x86
		{C6CD8530-FECA-4B06-AFDD-7CC02D00FD4C}.Release|Any CPU.Build.0 = Release|x86
		{C6CD8530-FECA-4B06-AFDD-7CC02D00FD4C}.Release|ARM.ActiveCfg = Release|ARM
		{C6CD8530-FECA-4B06-AFDD-7CC02D00FD4C}.Release|ARM.Build.0 = Release|ARM
		{C6CD8530-FECA-4B06-AFDD-7CC02D00FD4C}.Release|ARM.Deploy.0 = Release|ARM
		{C6CD8530-FECA-4B06-AFDD-7CC02D00FD4C}.Release|iPhone.ActiveCfg = Release|x86
		{C6CD8530-FECA-4B06-AFDD-7CC02D00FD4C}.Release|iPhoneSimulator.ActiveCfg = Release|x86
		{C6CD8530-FECA-4B06-AFDD-7CC02D00FD4C}.Release|x64.ActiveCfg = Release|x64
		{C6CD8530-FECA-4B06-AFDD-7CC02D00FD4C}.Release|x64.Build.0 = Release|x64
		{C6CD8530-FECA-4B06-AFDD-7CC02D00FD4C}.Release|x64.Deploy.0 = Release|x64
		{C6CD8530-FECA-4B06-AFDD-7CC02D00FD4C}.Release|x86.ActiveCfg = Release|x86
		{C6CD8530-FECA-4B06-AFDD-7CC02D00FD4C}.Release|x86.Build.0 = Release|x86
		{C6CD8530-FECA-4B06-AFDD-7CC02D00FD4C}.Release|x86.Deploy.0 = Release|x86
		{03B96875-A80D-4610-9B73-F3BE382314F4}.Ad-Hoc|Any CPU.ActiveCfg = Release|Any CPU
		{03B96875-A80D-4610-9B73-F3BE382314F4}.Ad-Hoc|Any CPU.Build.0 = Release|Any CPU
		{03B96875-A80D-4610-9B73-F3BE382314F4}.Ad-Hoc|ARM.ActiveCfg = Release|Any CPU
		{03B96875-A80D-4610-9B73-F3BE382314F4}.Ad-Hoc|ARM.Build.0 = Release|Any CPU
		{03B96875-A80D-4610-9B73-F3BE382314F4}.Ad-Hoc|iPhone.ActiveCfg = Release|Any CPU
		{03B96875-A80D-4610-9B73-F3BE382314F4}.Ad-Hoc|iPhone.Build.0 = Release|Any CPU
		{03B96875-A80D-4610-9B73-F3BE382314F4}.Ad-Hoc|iPhoneSimulator.ActiveCfg = Release|Any CPU
		{03B96875-A80D-4610-9B73-F3BE382314F4}.Ad-Hoc|iPhoneSimulator.Build.0 = Release|Any CPU
		{03B96875-A80D-4610-9B73-F3BE382314F4}.Ad-Hoc|x64.ActiveCfg = Release|Any CPU
		{03B96875-A80D-4610-9B73-F3BE382314F4}.Ad-Hoc|x64.Build.0 = Release|Any CPU
		{03B96875-A80D-4610-9B73-F3BE382314F4}.Ad-Hoc|x86.ActiveCfg = Release|Any CPU
		{03B96875-A80D-4610-9B73-F3BE382314F4}.Ad-Hoc|x86.Build.0 = Release|Any CPU
		{03B96875-A80D-4610-9B73-F3BE382314F4}.AppStore|Any CPU.ActiveCfg = Release|Any CPU
		{03B96875-A80D-4610-9B73-F3BE382314F4}.AppStore|Any CPU.Build.0 = Release|Any CPU
		{03B96875-A80D-4610-9B73-F3BE382314F4}.AppStore|ARM.ActiveCfg = Release|Any CPU
		{03B96875-A80D-4610-9B73-F3BE382314F4}.AppStore|ARM.Build.0 = Release|Any CPU
		{03B96875-A80D-4610-9B73-F3BE382314F4}.AppStore|iPhone.ActiveCfg = Release|Any CPU
		{03B96875-A80D-4610-9B73-F3BE382314F4}.AppStore|iPhone.Build.0 = Release|Any CPU
		{03B96875-A80D-4610-9B73-F3BE382314F4}.AppStore|iPhoneSimulator.ActiveCfg = Release|Any CPU
		{03B96875-A80D-4610-9B73-F3BE382314F4}.AppStore|iPhoneSimulator.Build.0 = Release|Any CPU
		{03B96875-A80D-4610-9B73-F3BE382314F4}.AppStore|x64.ActiveCfg = Release|Any CPU
		{03B96875-A80D-4610-9B73-F3BE382314F4}.AppStore|x64.Build.0 = Release|Any CPU
		{03B96875-A80D-4610-9B73-F3BE382314F4}.AppStore|x86.ActiveCfg = Release|Any CPU
		{03B96875-A80D-4610-9B73-F3BE382314F4}.AppStore|x86.Build.0 = Release|Any CPU
		{03B96875-A80D-4610-9B73-F3BE382314F4}.Debug|Any CPU.ActiveCfg = Debug|Any CPU
		{03B96875-A80D-4610-9B73-F3BE382314F4}.Debug|Any CPU.Build.0 = Debug|Any CPU
		{03B96875-A80D-4610-9B73-F3BE382314F4}.Debug|ARM.ActiveCfg = Debug|Any CPU
		{03B96875-A80D-4610-9B73-F3BE382314F4}.Debug|ARM.Build.0 = Debug|Any CPU
		{03B96875-A80D-4610-9B73-F3BE382314F4}.Debug|iPhone.ActiveCfg = Debug|Any CPU
		{03B96875-A80D-4610-9B73-F3BE382314F4}.Debug|iPhone.Build.0 = Debug|Any CPU
		{03B96875-A80D-4610-9B73-F3BE382314F4}.Debug|iPhoneSimulator.ActiveCfg = Debug|Any CPU
		{03B96875-A80D-4610-9B73-F3BE382314F4}.Debug|iPhoneSimulator.Build.0 = Debug|Any CPU
		{03B96875-A80D-4610-9B73-F3BE382314F4}.Debug|x64.ActiveCfg = Debug|Any CPU
		{03B96875-A80D-4610-9B73-F3BE382314F4}.Debug|x64.Build.0 = Debug|Any CPU
		{03B96875-A80D-4610-9B73-F3BE382314F4}.Debug|x86.ActiveCfg = Debug|Any CPU
		{03B96875-A80D-4610-9B73-F3BE382314F4}.Debug|x86.Build.0 = Debug|Any CPU
		{03B96875-A80D-4610-9B73-F3BE382314F4}.Release|Any CPU.ActiveCfg = Release|Any CPU
		{03B96875-A80D-4610-9B73-F3BE382314F4}.Release|Any CPU.Build.0 = Release|Any CPU
		{03B96875-A80D-4610-9B73-F3BE382314F4}.Release|ARM.ActiveCfg = Release|Any CPU
		{03B96875-A80D-4610-9B73-F3BE382314F4}.Release|ARM.Build.0 = Release|Any CPU
		{03B96875-A80D-4610-9B73-F3BE382314F4}.Release|iPhone.ActiveCfg = Release|Any CPU
		{03B96875-A80D-4610-9B73-F3BE382314F4}.Release|iPhone.Build.0 = Release|Any CPU
		{03B96875-A80D-4610-9B73-F3BE382314F4}.Release|iPhoneSimulator.ActiveCfg = Release|Any CPU
		{03B96875-A80D-4610-9B73-F3BE382314F4}.Release|iPhoneSimulator.Build.0 = Release|Any CPU
		{03B96875-A80D-4610-9B73-F3BE382314F4}.Release|x64.ActiveCfg = Release|Any CPU
		{03B96875-A80D-4610-9B73-F3BE382314F4}.Release|x64.Build.0 = Release|Any CPU
		{03B96875-A80D-4610-9B73-F3BE382314F4}.Release|x86.ActiveCfg = Release|Any CPU
		{03B96875-A80D-4610-9B73-F3BE382314F4}.Release|x86.Build.0 = Release|Any CPU
		{7F2D2561-0F78-4597-9E09-043E757BFCE5}.Ad-Hoc|Any CPU.ActiveCfg = Release|Any CPU
		{7F2D2561-0F78-4597-9E09-043E757BFCE5}.Ad-Hoc|Any CPU.Build.0 = Release|Any CPU
		{7F2D2561-0F78-4597-9E09-043E757BFCE5}.Ad-Hoc|ARM.ActiveCfg = Release|Any CPU
		{7F2D2561-0F78-4597-9E09-043E757BFCE5}.Ad-Hoc|ARM.Build.0 = Release|Any CPU
		{7F2D2561-0F78-4597-9E09-043E757BFCE5}.Ad-Hoc|iPhone.ActiveCfg = Release|Any CPU
		{7F2D2561-0F78-4597-9E09-043E757BFCE5}.Ad-Hoc|iPhone.Build.0 = Release|Any CPU
		{7F2D2561-0F78-4597-9E09-043E757BFCE5}.Ad-Hoc|iPhoneSimulator.ActiveCfg = Release|Any CPU
		{7F2D2561-0F78-4597-9E09-043E757BFCE5}.Ad-Hoc|iPhoneSimulator.Build.0 = Release|Any CPU
		{7F2D2561-0F78-4597-9E09-043E757BFCE5}.Ad-Hoc|x64.ActiveCfg = Release|Any CPU
		{7F2D2561-0F78-4597-9E09-043E757BFCE5}.Ad-Hoc|x64.Build.0 = Release|Any CPU
		{7F2D2561-0F78-4597-9E09-043E757BFCE5}.Ad-Hoc|x86.ActiveCfg = Release|Any CPU
		{7F2D2561-0F78-4597-9E09-043E757BFCE5}.Ad-Hoc|x86.Build.0 = Release|Any CPU
		{7F2D2561-0F78-4597-9E09-043E757BFCE5}.AppStore|Any CPU.ActiveCfg = Release|Any CPU
		{7F2D2561-0F78-4597-9E09-043E757BFCE5}.AppStore|Any CPU.Build.0 = Release|Any CPU
		{7F2D2561-0F78-4597-9E09-043E757BFCE5}.AppStore|ARM.ActiveCfg = Release|Any CPU
		{7F2D2561-0F78-4597-9E09-043E757BFCE5}.AppStore|ARM.Build.0 = Release|Any CPU
		{7F2D2561-0F78-4597-9E09-043E757BFCE5}.AppStore|iPhone.ActiveCfg = Release|Any CPU
		{7F2D2561-0F78-4597-9E09-043E757BFCE5}.AppStore|iPhone.Build.0 = Release|Any CPU
		{7F2D2561-0F78-4597-9E09-043E757BFCE5}.AppStore|iPhoneSimulator.ActiveCfg = Release|Any CPU
		{7F2D2561-0F78-4597-9E09-043E757BFCE5}.AppStore|iPhoneSimulator.Build.0 = Release|Any CPU
		{7F2D2561-0F78-4597-9E09-043E757BFCE5}.AppStore|x64.ActiveCfg = Release|Any CPU
		{7F2D2561-0F78-4597-9E09-043E757BFCE5}.AppStore|x64.Build.0 = Release|Any CPU
		{7F2D2561-0F78-4597-9E09-043E757BFCE5}.AppStore|x86.ActiveCfg = Release|Any CPU
		{7F2D2561-0F78-4597-9E09-043E757BFCE5}.AppStore|x86.Build.0 = Release|Any CPU
		{7F2D2561-0F78-4597-9E09-043E757BFCE5}.Debug|Any CPU.ActiveCfg = Debug|Any CPU
		{7F2D2561-0F78-4597-9E09-043E757BFCE5}.Debug|Any CPU.Build.0 = Debug|Any CPU
		{7F2D2561-0F78-4597-9E09-043E757BFCE5}.Debug|ARM.ActiveCfg = Debug|Any CPU
		{7F2D2561-0F78-4597-9E09-043E757BFCE5}.Debug|ARM.Build.0 = Debug|Any CPU
		{7F2D2561-0F78-4597-9E09-043E757BFCE5}.Debug|iPhone.ActiveCfg = Debug|Any CPU
		{7F2D2561-0F78-4597-9E09-043E757BFCE5}.Debug|iPhone.Build.0 = Debug|Any CPU
		{7F2D2561-0F78-4597-9E09-043E757BFCE5}.Debug|iPhoneSimulator.ActiveCfg = Debug|Any CPU
		{7F2D2561-0F78-4597-9E09-043E757BFCE5}.Debug|iPhoneSimulator.Build.0 = Debug|Any CPU
		{7F2D2561-0F78-4597-9E09-043E757BFCE5}.Debug|x64.ActiveCfg = Debug|Any CPU
		{7F2D2561-0F78-4597-9E09-043E757BFCE5}.Debug|x64.Build.0 = Debug|Any CPU
		{7F2D2561-0F78-4597-9E09-043E757BFCE5}.Debug|x86.ActiveCfg = Debug|Any CPU
		{7F2D2561-0F78-4597-9E09-043E757BFCE5}.Debug|x86.Build.0 = Debug|Any CPU
		{7F2D2561-0F78-4597-9E09-043E757BFCE5}.Release|Any CPU.ActiveCfg = Release|Any CPU
		{7F2D2561-0F78-4597-9E09-043E757BFCE5}.Release|Any CPU.Build.0 = Release|Any CPU
		{7F2D2561-0F78-4597-9E09-043E757BFCE5}.Release|ARM.ActiveCfg = Release|Any CPU
		{7F2D2561-0F78-4597-9E09-043E757BFCE5}.Release|ARM.Build.0 = Release|Any CPU
		{7F2D2561-0F78-4597-9E09-043E757BFCE5}.Release|iPhone.ActiveCfg = Release|Any CPU
		{7F2D2561-0F78-4597-9E09-043E757BFCE5}.Release|iPhone.Build.0 = Release|Any CPU
		{7F2D2561-0F78-4597-9E09-043E757BFCE5}.Release|iPhoneSimulator.ActiveCfg = Release|Any CPU
		{7F2D2561-0F78-4597-9E09-043E757BFCE5}.Release|iPhoneSimulator.Build.0 = Release|Any CPU
		{7F2D2561-0F78-4597-9E09-043E757BFCE5}.Release|x64.ActiveCfg = Release|Any CPU
		{7F2D2561-0F78-4597-9E09-043E757BFCE5}.Release|x64.Build.0 = Release|Any CPU
		{7F2D2561-0F78-4597-9E09-043E757BFCE5}.Release|x86.ActiveCfg = Release|Any CPU
		{7F2D2561-0F78-4597-9E09-043E757BFCE5}.Release|x86.Build.0 = Release|Any CPU
		{61ABABA0-1EB5-44E9-AEC1-86430846E590}.Ad-Hoc|Any CPU.ActiveCfg = Release|Any CPU
		{61ABABA0-1EB5-44E9-AEC1-86430846E590}.Ad-Hoc|Any CPU.Build.0 = Release|Any CPU
		{61ABABA0-1EB5-44E9-AEC1-86430846E590}.Ad-Hoc|ARM.ActiveCfg = Release|Any CPU
		{61ABABA0-1EB5-44E9-AEC1-86430846E590}.Ad-Hoc|ARM.Build.0 = Release|Any CPU
		{61ABABA0-1EB5-44E9-AEC1-86430846E590}.Ad-Hoc|iPhone.ActiveCfg = Release|Any CPU
		{61ABABA0-1EB5-44E9-AEC1-86430846E590}.Ad-Hoc|iPhone.Build.0 = Release|Any CPU
		{61ABABA0-1EB5-44E9-AEC1-86430846E590}.Ad-Hoc|iPhoneSimulator.ActiveCfg = Release|Any CPU
		{61ABABA0-1EB5-44E9-AEC1-86430846E590}.Ad-Hoc|iPhoneSimulator.Build.0 = Release|Any CPU
		{61ABABA0-1EB5-44E9-AEC1-86430846E590}.Ad-Hoc|x64.ActiveCfg = Release|Any CPU
		{61ABABA0-1EB5-44E9-AEC1-86430846E590}.Ad-Hoc|x64.Build.0 = Release|Any CPU
		{61ABABA0-1EB5-44E9-AEC1-86430846E590}.Ad-Hoc|x86.ActiveCfg = Release|Any CPU
		{61ABABA0-1EB5-44E9-AEC1-86430846E590}.Ad-Hoc|x86.Build.0 = Release|Any CPU
		{61ABABA0-1EB5-44E9-AEC1-86430846E590}.AppStore|Any CPU.ActiveCfg = Release|Any CPU
		{61ABABA0-1EB5-44E9-AEC1-86430846E590}.AppStore|Any CPU.Build.0 = Release|Any CPU
		{61ABABA0-1EB5-44E9-AEC1-86430846E590}.AppStore|ARM.ActiveCfg = Release|Any CPU
		{61ABABA0-1EB5-44E9-AEC1-86430846E590}.AppStore|ARM.Build.0 = Release|Any CPU
		{61ABABA0-1EB5-44E9-AEC1-86430846E590}.AppStore|iPhone.ActiveCfg = Release|Any CPU
		{61ABABA0-1EB5-44E9-AEC1-86430846E590}.AppStore|iPhone.Build.0 = Release|Any CPU
		{61ABABA0-1EB5-44E9-AEC1-86430846E590}.AppStore|iPhoneSimulator.ActiveCfg = Release|Any CPU
		{61ABABA0-1EB5-44E9-AEC1-86430846E590}.AppStore|iPhoneSimulator.Build.0 = Release|Any CPU
		{61ABABA0-1EB5-44E9-AEC1-86430846E590}.AppStore|x64.ActiveCfg = Release|Any CPU
		{61ABABA0-1EB5-44E9-AEC1-86430846E590}.AppStore|x64.Build.0 = Release|Any CPU
		{61ABABA0-1EB5-44E9-AEC1-86430846E590}.AppStore|x86.ActiveCfg = Release|Any CPU
		{61ABABA0-1EB5-44E9-AEC1-86430846E590}.AppStore|x86.Build.0 = Release|Any CPU
		{61ABABA0-1EB5-44E9-AEC1-86430846E590}.Debug|Any CPU.ActiveCfg = Debug|Any CPU
		{61ABABA0-1EB5-44E9-AEC1-86430846E590}.Debug|Any CPU.Build.0 = Debug|Any CPU
		{61ABABA0-1EB5-44E9-AEC1-86430846E590}.Debug|ARM.ActiveCfg = Debug|Any CPU
		{61ABABA0-1EB5-44E9-AEC1-86430846E590}.Debug|ARM.Build.0 = Debug|Any CPU
		{61ABABA0-1EB5-44E9-AEC1-86430846E590}.Debug|iPhone.ActiveCfg = Debug|Any CPU
		{61ABABA0-1EB5-44E9-AEC1-86430846E590}.Debug|iPhone.Build.0 = Debug|Any CPU
		{61ABABA0-1EB5-44E9-AEC1-86430846E590}.Debug|iPhoneSimulator.ActiveCfg = Debug|Any CPU
		{61ABABA0-1EB5-44E9-AEC1-86430846E590}.Debug|iPhoneSimulator.Build.0 = Debug|Any CPU
		{61ABABA0-1EB5-44E9-AEC1-86430846E590}.Debug|x64.ActiveCfg = Debug|Any CPU
		{61ABABA0-1EB5-44E9-AEC1-86430846E590}.Debug|x64.Build.0 = Debug|Any CPU
		{61ABABA0-1EB5-44E9-AEC1-86430846E590}.Debug|x86.ActiveCfg = Debug|Any CPU
		{61ABABA0-1EB5-44E9-AEC1-86430846E590}.Debug|x86.Build.0 = Debug|Any CPU
		{61ABABA0-1EB5-44E9-AEC1-86430846E590}.Release|Any CPU.ActiveCfg = Release|Any CPU
		{61ABABA0-1EB5-44E9-AEC1-86430846E590}.Release|Any CPU.Build.0 = Release|Any CPU
		{61ABABA0-1EB5-44E9-AEC1-86430846E590}.Release|ARM.ActiveCfg = Release|Any CPU
		{61ABABA0-1EB5-44E9-AEC1-86430846E590}.Release|ARM.Build.0 = Release|Any CPU
		{61ABABA0-1EB5-44E9-AEC1-86430846E590}.Release|iPhone.ActiveCfg = Release|Any CPU
		{61ABABA0-1EB5-44E9-AEC1-86430846E590}.Release|iPhone.Build.0 = Release|Any CPU
		{61ABABA0-1EB5-44E9-AEC1-86430846E590}.Release|iPhoneSimulator.ActiveCfg = Release|Any CPU
		{61ABABA0-1EB5-44E9-AEC1-86430846E590}.Release|iPhoneSimulator.Build.0 = Release|Any CPU
		{61ABABA0-1EB5-44E9-AEC1-86430846E590}.Release|x64.ActiveCfg = Release|Any CPU
		{61ABABA0-1EB5-44E9-AEC1-86430846E590}.Release|x64.Build.0 = Release|Any CPU
		{61ABABA0-1EB5-44E9-AEC1-86430846E590}.Release|x86.ActiveCfg = Release|Any CPU
		{61ABABA0-1EB5-44E9-AEC1-86430846E590}.Release|x86.Build.0 = Release|Any CPU
		{E16B54F1-FDFC-446E-9F15-D3C61F58F70D}.Ad-Hoc|Any CPU.ActiveCfg = Release|Any CPU
		{E16B54F1-FDFC-446E-9F15-D3C61F58F70D}.Ad-Hoc|Any CPU.Build.0 = Release|Any CPU
		{E16B54F1-FDFC-446E-9F15-D3C61F58F70D}.Ad-Hoc|ARM.ActiveCfg = Release|ARM
		{E16B54F1-FDFC-446E-9F15-D3C61F58F70D}.Ad-Hoc|ARM.Build.0 = Release|ARM
		{E16B54F1-FDFC-446E-9F15-D3C61F58F70D}.Ad-Hoc|iPhone.ActiveCfg = Release|Any CPU
		{E16B54F1-FDFC-446E-9F15-D3C61F58F70D}.Ad-Hoc|iPhone.Build.0 = Release|Any CPU
		{E16B54F1-FDFC-446E-9F15-D3C61F58F70D}.Ad-Hoc|iPhoneSimulator.ActiveCfg = Release|Any CPU
		{E16B54F1-FDFC-446E-9F15-D3C61F58F70D}.Ad-Hoc|iPhoneSimulator.Build.0 = Release|Any CPU
		{E16B54F1-FDFC-446E-9F15-D3C61F58F70D}.Ad-Hoc|x64.ActiveCfg = Release|x64
		{E16B54F1-FDFC-446E-9F15-D3C61F58F70D}.Ad-Hoc|x64.Build.0 = Release|x64
		{E16B54F1-FDFC-446E-9F15-D3C61F58F70D}.Ad-Hoc|x86.ActiveCfg = Release|x86
		{E16B54F1-FDFC-446E-9F15-D3C61F58F70D}.Ad-Hoc|x86.Build.0 = Release|x86
		{E16B54F1-FDFC-446E-9F15-D3C61F58F70D}.AppStore|Any CPU.ActiveCfg = Release|Any CPU
		{E16B54F1-FDFC-446E-9F15-D3C61F58F70D}.AppStore|Any CPU.Build.0 = Release|Any CPU
		{E16B54F1-FDFC-446E-9F15-D3C61F58F70D}.AppStore|ARM.ActiveCfg = Release|ARM
		{E16B54F1-FDFC-446E-9F15-D3C61F58F70D}.AppStore|ARM.Build.0 = Release|ARM
		{E16B54F1-FDFC-446E-9F15-D3C61F58F70D}.AppStore|iPhone.ActiveCfg = Release|Any CPU
		{E16B54F1-FDFC-446E-9F15-D3C61F58F70D}.AppStore|iPhone.Build.0 = Release|Any CPU
		{E16B54F1-FDFC-446E-9F15-D3C61F58F70D}.AppStore|iPhoneSimulator.ActiveCfg = Release|Any CPU
		{E16B54F1-FDFC-446E-9F15-D3C61F58F70D}.AppStore|iPhoneSimulator.Build.0 = Release|Any CPU
		{E16B54F1-FDFC-446E-9F15-D3C61F58F70D}.AppStore|x64.ActiveCfg = Release|x64
		{E16B54F1-FDFC-446E-9F15-D3C61F58F70D}.AppStore|x64.Build.0 = Release|x64
		{E16B54F1-FDFC-446E-9F15-D3C61F58F70D}.AppStore|x86.ActiveCfg = Release|x86
		{E16B54F1-FDFC-446E-9F15-D3C61F58F70D}.AppStore|x86.Build.0 = Release|x86
		{E16B54F1-FDFC-446E-9F15-D3C61F58F70D}.Debug|Any CPU.ActiveCfg = Debug|Any CPU
		{E16B54F1-FDFC-446E-9F15-D3C61F58F70D}.Debug|Any CPU.Build.0 = Debug|Any CPU
		{E16B54F1-FDFC-446E-9F15-D3C61F58F70D}.Debug|ARM.ActiveCfg = Debug|ARM
		{E16B54F1-FDFC-446E-9F15-D3C61F58F70D}.Debug|ARM.Build.0 = Debug|ARM
		{E16B54F1-FDFC-446E-9F15-D3C61F58F70D}.Debug|iPhone.ActiveCfg = Debug|Any CPU
		{E16B54F1-FDFC-446E-9F15-D3C61F58F70D}.Debug|iPhone.Build.0 = Debug|Any CPU
		{E16B54F1-FDFC-446E-9F15-D3C61F58F70D}.Debug|iPhoneSimulator.ActiveCfg = Debug|Any CPU
		{E16B54F1-FDFC-446E-9F15-D3C61F58F70D}.Debug|iPhoneSimulator.Build.0 = Debug|Any CPU
		{E16B54F1-FDFC-446E-9F15-D3C61F58F70D}.Debug|x64.ActiveCfg = Debug|x64
		{E16B54F1-FDFC-446E-9F15-D3C61F58F70D}.Debug|x64.Build.0 = Debug|x64
		{E16B54F1-FDFC-446E-9F15-D3C61F58F70D}.Debug|x86.ActiveCfg = Debug|x86
		{E16B54F1-FDFC-446E-9F15-D3C61F58F70D}.Debug|x86.Build.0 = Debug|x86
		{E16B54F1-FDFC-446E-9F15-D3C61F58F70D}.Release|Any CPU.ActiveCfg = Release|Any CPU
		{E16B54F1-FDFC-446E-9F15-D3C61F58F70D}.Release|Any CPU.Build.0 = Release|Any CPU
		{E16B54F1-FDFC-446E-9F15-D3C61F58F70D}.Release|ARM.ActiveCfg = Release|ARM
		{E16B54F1-FDFC-446E-9F15-D3C61F58F70D}.Release|ARM.Build.0 = Release|ARM
		{E16B54F1-FDFC-446E-9F15-D3C61F58F70D}.Release|iPhone.ActiveCfg = Release|Any CPU
		{E16B54F1-FDFC-446E-9F15-D3C61F58F70D}.Release|iPhone.Build.0 = Release|Any CPU
		{E16B54F1-FDFC-446E-9F15-D3C61F58F70D}.Release|iPhoneSimulator.ActiveCfg = Release|Any CPU
		{E16B54F1-FDFC-446E-9F15-D3C61F58F70D}.Release|iPhoneSimulator.Build.0 = Release|Any CPU
		{E16B54F1-FDFC-446E-9F15-D3C61F58F70D}.Release|x64.ActiveCfg = Release|x64
		{E16B54F1-FDFC-446E-9F15-D3C61F58F70D}.Release|x64.Build.0 = Release|x64
		{E16B54F1-FDFC-446E-9F15-D3C61F58F70D}.Release|x86.ActiveCfg = Release|x86
		{E16B54F1-FDFC-446E-9F15-D3C61F58F70D}.Release|x86.Build.0 = Release|x86
		{C556294C-E117-469D-9A53-CC215DBA4EB9}.Ad-Hoc|Any CPU.ActiveCfg = Release|Any CPU
		{C556294C-E117-469D-9A53-CC215DBA4EB9}.Ad-Hoc|Any CPU.Build.0 = Release|Any CPU
		{C556294C-E117-469D-9A53-CC215DBA4EB9}.Ad-Hoc|ARM.ActiveCfg = Release|Any CPU
		{C556294C-E117-469D-9A53-CC215DBA4EB9}.Ad-Hoc|ARM.Build.0 = Release|Any CPU
		{C556294C-E117-469D-9A53-CC215DBA4EB9}.Ad-Hoc|iPhone.ActiveCfg = Release|Any CPU
		{C556294C-E117-469D-9A53-CC215DBA4EB9}.Ad-Hoc|iPhone.Build.0 = Release|Any CPU
		{C556294C-E117-469D-9A53-CC215DBA4EB9}.Ad-Hoc|iPhoneSimulator.ActiveCfg = Release|Any CPU
		{C556294C-E117-469D-9A53-CC215DBA4EB9}.Ad-Hoc|iPhoneSimulator.Build.0 = Release|Any CPU
		{C556294C-E117-469D-9A53-CC215DBA4EB9}.Ad-Hoc|x64.ActiveCfg = Release|Any CPU
		{C556294C-E117-469D-9A53-CC215DBA4EB9}.Ad-Hoc|x64.Build.0 = Release|Any CPU
		{C556294C-E117-469D-9A53-CC215DBA4EB9}.Ad-Hoc|x86.ActiveCfg = Release|Any CPU
		{C556294C-E117-469D-9A53-CC215DBA4EB9}.Ad-Hoc|x86.Build.0 = Release|Any CPU
		{C556294C-E117-469D-9A53-CC215DBA4EB9}.AppStore|Any CPU.ActiveCfg = Release|Any CPU
		{C556294C-E117-469D-9A53-CC215DBA4EB9}.AppStore|Any CPU.Build.0 = Release|Any CPU
		{C556294C-E117-469D-9A53-CC215DBA4EB9}.AppStore|ARM.ActiveCfg = Release|Any CPU
		{C556294C-E117-469D-9A53-CC215DBA4EB9}.AppStore|ARM.Build.0 = Release|Any CPU
		{C556294C-E117-469D-9A53-CC215DBA4EB9}.AppStore|iPhone.ActiveCfg = Release|Any CPU
		{C556294C-E117-469D-9A53-CC215DBA4EB9}.AppStore|iPhone.Build.0 = Release|Any CPU
		{C556294C-E117-469D-9A53-CC215DBA4EB9}.AppStore|iPhoneSimulator.ActiveCfg = Release|Any CPU
		{C556294C-E117-469D-9A53-CC215DBA4EB9}.AppStore|iPhoneSimulator.Build.0 = Release|Any CPU
		{C556294C-E117-469D-9A53-CC215DBA4EB9}.AppStore|x64.ActiveCfg = Release|Any CPU
		{C556294C-E117-469D-9A53-CC215DBA4EB9}.AppStore|x64.Build.0 = Release|Any CPU
		{C556294C-E117-469D-9A53-CC215DBA4EB9}.AppStore|x86.ActiveCfg = Release|Any CPU
		{C556294C-E117-469D-9A53-CC215DBA4EB9}.AppStore|x86.Build.0 = Release|Any CPU
		{C556294C-E117-469D-9A53-CC215DBA4EB9}.Debug|Any CPU.ActiveCfg = Debug|Any CPU
		{C556294C-E117-469D-9A53-CC215DBA4EB9}.Debug|Any CPU.Build.0 = Debug|Any CPU
		{C556294C-E117-469D-9A53-CC215DBA4EB9}.Debug|ARM.ActiveCfg = Debug|Any CPU
		{C556294C-E117-469D-9A53-CC215DBA4EB9}.Debug|ARM.Build.0 = Debug|Any CPU
		{C556294C-E117-469D-9A53-CC215DBA4EB9}.Debug|iPhone.ActiveCfg = Debug|Any CPU
		{C556294C-E117-469D-9A53-CC215DBA4EB9}.Debug|iPhone.Build.0 = Debug|Any CPU
		{C556294C-E117-469D-9A53-CC215DBA4EB9}.Debug|iPhoneSimulator.ActiveCfg = Debug|Any CPU
		{C556294C-E117-469D-9A53-CC215DBA4EB9}.Debug|iPhoneSimulator.Build.0 = Debug|Any CPU
		{C556294C-E117-469D-9A53-CC215DBA4EB9}.Debug|x64.ActiveCfg = Debug|Any CPU
		{C556294C-E117-469D-9A53-CC215DBA4EB9}.Debug|x64.Build.0 = Debug|Any CPU
		{C556294C-E117-469D-9A53-CC215DBA4EB9}.Debug|x86.ActiveCfg = Debug|Any CPU
		{C556294C-E117-469D-9A53-CC215DBA4EB9}.Debug|x86.Build.0 = Debug|Any CPU
		{C556294C-E117-469D-9A53-CC215DBA4EB9}.Release|Any CPU.ActiveCfg = Release|Any CPU
		{C556294C-E117-469D-9A53-CC215DBA4EB9}.Release|Any CPU.Build.0 = Release|Any CPU
		{C556294C-E117-469D-9A53-CC215DBA4EB9}.Release|ARM.ActiveCfg = Release|Any CPU
		{C556294C-E117-469D-9A53-CC215DBA4EB9}.Release|ARM.Build.0 = Release|Any CPU
		{C556294C-E117-469D-9A53-CC215DBA4EB9}.Release|iPhone.ActiveCfg = Release|Any CPU
		{C556294C-E117-469D-9A53-CC215DBA4EB9}.Release|iPhone.Build.0 = Release|Any CPU
		{C556294C-E117-469D-9A53-CC215DBA4EB9}.Release|iPhoneSimulator.ActiveCfg = Release|Any CPU
		{C556294C-E117-469D-9A53-CC215DBA4EB9}.Release|iPhoneSimulator.Build.0 = Release|Any CPU
		{C556294C-E117-469D-9A53-CC215DBA4EB9}.Release|x64.ActiveCfg = Release|Any CPU
		{C556294C-E117-469D-9A53-CC215DBA4EB9}.Release|x64.Build.0 = Release|Any CPU
		{C556294C-E117-469D-9A53-CC215DBA4EB9}.Release|x86.ActiveCfg = Release|Any CPU
		{C556294C-E117-469D-9A53-CC215DBA4EB9}.Release|x86.Build.0 = Release|Any CPU
		{47ADF18F-1BB7-45AE-ADDB-FA9291F2C532}.Ad-Hoc|Any CPU.ActiveCfg = Release|Any CPU
		{47ADF18F-1BB7-45AE-ADDB-FA9291F2C532}.Ad-Hoc|Any CPU.Build.0 = Release|Any CPU
		{47ADF18F-1BB7-45AE-ADDB-FA9291F2C532}.Ad-Hoc|ARM.ActiveCfg = Release|Any CPU
		{47ADF18F-1BB7-45AE-ADDB-FA9291F2C532}.Ad-Hoc|ARM.Build.0 = Release|Any CPU
		{47ADF18F-1BB7-45AE-ADDB-FA9291F2C532}.Ad-Hoc|iPhone.ActiveCfg = Release|Any CPU
		{47ADF18F-1BB7-45AE-ADDB-FA9291F2C532}.Ad-Hoc|iPhone.Build.0 = Release|Any CPU
		{47ADF18F-1BB7-45AE-ADDB-FA9291F2C532}.Ad-Hoc|iPhoneSimulator.ActiveCfg = Release|Any CPU
		{47ADF18F-1BB7-45AE-ADDB-FA9291F2C532}.Ad-Hoc|iPhoneSimulator.Build.0 = Release|Any CPU
		{47ADF18F-1BB7-45AE-ADDB-FA9291F2C532}.Ad-Hoc|x64.ActiveCfg = Release|Any CPU
		{47ADF18F-1BB7-45AE-ADDB-FA9291F2C532}.Ad-Hoc|x64.Build.0 = Release|Any CPU
		{47ADF18F-1BB7-45AE-ADDB-FA9291F2C532}.Ad-Hoc|x86.ActiveCfg = Release|Any CPU
		{47ADF18F-1BB7-45AE-ADDB-FA9291F2C532}.Ad-Hoc|x86.Build.0 = Release|Any CPU
		{47ADF18F-1BB7-45AE-ADDB-FA9291F2C532}.AppStore|Any CPU.ActiveCfg = Release|Any CPU
		{47ADF18F-1BB7-45AE-ADDB-FA9291F2C532}.AppStore|Any CPU.Build.0 = Release|Any CPU
		{47ADF18F-1BB7-45AE-ADDB-FA9291F2C532}.AppStore|ARM.ActiveCfg = Release|Any CPU
		{47ADF18F-1BB7-45AE-ADDB-FA9291F2C532}.AppStore|ARM.Build.0 = Release|Any CPU
		{47ADF18F-1BB7-45AE-ADDB-FA9291F2C532}.AppStore|iPhone.ActiveCfg = Release|Any CPU
		{47ADF18F-1BB7-45AE-ADDB-FA9291F2C532}.AppStore|iPhone.Build.0 = Release|Any CPU
		{47ADF18F-1BB7-45AE-ADDB-FA9291F2C532}.AppStore|iPhoneSimulator.ActiveCfg = Release|Any CPU
		{47ADF18F-1BB7-45AE-ADDB-FA9291F2C532}.AppStore|iPhoneSimulator.Build.0 = Release|Any CPU
		{47ADF18F-1BB7-45AE-ADDB-FA9291F2C532}.AppStore|x64.ActiveCfg = Release|Any CPU
		{47ADF18F-1BB7-45AE-ADDB-FA9291F2C532}.AppStore|x64.Build.0 = Release|Any CPU
		{47ADF18F-1BB7-45AE-ADDB-FA9291F2C532}.AppStore|x86.ActiveCfg = Release|Any CPU
		{47ADF18F-1BB7-45AE-ADDB-FA9291F2C532}.AppStore|x86.Build.0 = Release|Any CPU
		{47ADF18F-1BB7-45AE-ADDB-FA9291F2C532}.Debug|Any CPU.ActiveCfg = Debug|Any CPU
		{47ADF18F-1BB7-45AE-ADDB-FA9291F2C532}.Debug|Any CPU.Build.0 = Debug|Any CPU
		{47ADF18F-1BB7-45AE-ADDB-FA9291F2C532}.Debug|ARM.ActiveCfg = Debug|Any CPU
		{47ADF18F-1BB7-45AE-ADDB-FA9291F2C532}.Debug|ARM.Build.0 = Debug|Any CPU
		{47ADF18F-1BB7-45AE-ADDB-FA9291F2C532}.Debug|iPhone.ActiveCfg = Debug|Any CPU
		{47ADF18F-1BB7-45AE-ADDB-FA9291F2C532}.Debug|iPhone.Build.0 = Debug|Any CPU
		{47ADF18F-1BB7-45AE-ADDB-FA9291F2C532}.Debug|iPhoneSimulator.ActiveCfg = Debug|Any CPU
		{47ADF18F-1BB7-45AE-ADDB-FA9291F2C532}.Debug|iPhoneSimulator.Build.0 = Debug|Any CPU
		{47ADF18F-1BB7-45AE-ADDB-FA9291F2C532}.Debug|x64.ActiveCfg = Debug|Any CPU
		{47ADF18F-1BB7-45AE-ADDB-FA9291F2C532}.Debug|x64.Build.0 = Debug|Any CPU
		{47ADF18F-1BB7-45AE-ADDB-FA9291F2C532}.Debug|x86.ActiveCfg = Debug|Any CPU
		{47ADF18F-1BB7-45AE-ADDB-FA9291F2C532}.Debug|x86.Build.0 = Debug|Any CPU
		{47ADF18F-1BB7-45AE-ADDB-FA9291F2C532}.Release|Any CPU.ActiveCfg = Release|Any CPU
		{47ADF18F-1BB7-45AE-ADDB-FA9291F2C532}.Release|Any CPU.Build.0 = Release|Any CPU
		{47ADF18F-1BB7-45AE-ADDB-FA9291F2C532}.Release|ARM.ActiveCfg = Release|Any CPU
		{47ADF18F-1BB7-45AE-ADDB-FA9291F2C532}.Release|ARM.Build.0 = Release|Any CPU
		{47ADF18F-1BB7-45AE-ADDB-FA9291F2C532}.Release|iPhone.ActiveCfg = Release|Any CPU
		{47ADF18F-1BB7-45AE-ADDB-FA9291F2C532}.Release|iPhone.Build.0 = Release|Any CPU
		{47ADF18F-1BB7-45AE-ADDB-FA9291F2C532}.Release|iPhoneSimulator.ActiveCfg = Release|Any CPU
		{47ADF18F-1BB7-45AE-ADDB-FA9291F2C532}.Release|iPhoneSimulator.Build.0 = Release|Any CPU
		{47ADF18F-1BB7-45AE-ADDB-FA9291F2C532}.Release|x64.ActiveCfg = Release|Any CPU
		{47ADF18F-1BB7-45AE-ADDB-FA9291F2C532}.Release|x64.Build.0 = Release|Any CPU
		{47ADF18F-1BB7-45AE-ADDB-FA9291F2C532}.Release|x86.ActiveCfg = Release|Any CPU
		{47ADF18F-1BB7-45AE-ADDB-FA9291F2C532}.Release|x86.Build.0 = Release|Any CPU
		{F9FFEE2C-2397-411D-8D55-4D4F333B3938}.Ad-Hoc|Any CPU.ActiveCfg = Release|Any CPU
		{F9FFEE2C-2397-411D-8D55-4D4F333B3938}.Ad-Hoc|Any CPU.Build.0 = Release|Any CPU
		{F9FFEE2C-2397-411D-8D55-4D4F333B3938}.Ad-Hoc|ARM.ActiveCfg = Release|Any CPU
		{F9FFEE2C-2397-411D-8D55-4D4F333B3938}.Ad-Hoc|ARM.Build.0 = Release|Any CPU
		{F9FFEE2C-2397-411D-8D55-4D4F333B3938}.Ad-Hoc|iPhone.ActiveCfg = Release|Any CPU
		{F9FFEE2C-2397-411D-8D55-4D4F333B3938}.Ad-Hoc|iPhone.Build.0 = Release|Any CPU
		{F9FFEE2C-2397-411D-8D55-4D4F333B3938}.Ad-Hoc|iPhoneSimulator.ActiveCfg = Release|Any CPU
		{F9FFEE2C-2397-411D-8D55-4D4F333B3938}.Ad-Hoc|iPhoneSimulator.Build.0 = Release|Any CPU
		{F9FFEE2C-2397-411D-8D55-4D4F333B3938}.Ad-Hoc|x64.ActiveCfg = Release|Any CPU
		{F9FFEE2C-2397-411D-8D55-4D4F333B3938}.Ad-Hoc|x64.Build.0 = Release|Any CPU
		{F9FFEE2C-2397-411D-8D55-4D4F333B3938}.Ad-Hoc|x86.ActiveCfg = Release|Any CPU
		{F9FFEE2C-2397-411D-8D55-4D4F333B3938}.Ad-Hoc|x86.Build.0 = Release|Any CPU
		{F9FFEE2C-2397-411D-8D55-4D4F333B3938}.AppStore|Any CPU.ActiveCfg = Release|Any CPU
		{F9FFEE2C-2397-411D-8D55-4D4F333B3938}.AppStore|Any CPU.Build.0 = Release|Any CPU
		{F9FFEE2C-2397-411D-8D55-4D4F333B3938}.AppStore|ARM.ActiveCfg = Release|Any CPU
		{F9FFEE2C-2397-411D-8D55-4D4F333B3938}.AppStore|ARM.Build.0 = Release|Any CPU
		{F9FFEE2C-2397-411D-8D55-4D4F333B3938}.AppStore|iPhone.ActiveCfg = Release|Any CPU
		{F9FFEE2C-2397-411D-8D55-4D4F333B3938}.AppStore|iPhone.Build.0 = Release|Any CPU
		{F9FFEE2C-2397-411D-8D55-4D4F333B3938}.AppStore|iPhoneSimulator.ActiveCfg = Release|Any CPU
		{F9FFEE2C-2397-411D-8D55-4D4F333B3938}.AppStore|iPhoneSimulator.Build.0 = Release|Any CPU
		{F9FFEE2C-2397-411D-8D55-4D4F333B3938}.AppStore|x64.ActiveCfg = Release|Any CPU
		{F9FFEE2C-2397-411D-8D55-4D4F333B3938}.AppStore|x64.Build.0 = Release|Any CPU
		{F9FFEE2C-2397-411D-8D55-4D4F333B3938}.AppStore|x86.ActiveCfg = Release|Any CPU
		{F9FFEE2C-2397-411D-8D55-4D4F333B3938}.AppStore|x86.Build.0 = Release|Any CPU
		{F9FFEE2C-2397-411D-8D55-4D4F333B3938}.Debug|Any CPU.ActiveCfg = Debug|Any CPU
		{F9FFEE2C-2397-411D-8D55-4D4F333B3938}.Debug|Any CPU.Build.0 = Debug|Any CPU
		{F9FFEE2C-2397-411D-8D55-4D4F333B3938}.Debug|ARM.ActiveCfg = Debug|Any CPU
		{F9FFEE2C-2397-411D-8D55-4D4F333B3938}.Debug|ARM.Build.0 = Debug|Any CPU
		{F9FFEE2C-2397-411D-8D55-4D4F333B3938}.Debug|iPhone.ActiveCfg = Debug|Any CPU
		{F9FFEE2C-2397-411D-8D55-4D4F333B3938}.Debug|iPhone.Build.0 = Debug|Any CPU
		{F9FFEE2C-2397-411D-8D55-4D4F333B3938}.Debug|iPhoneSimulator.ActiveCfg = Debug|Any CPU
		{F9FFEE2C-2397-411D-8D55-4D4F333B3938}.Debug|iPhoneSimulator.Build.0 = Debug|Any CPU
		{F9FFEE2C-2397-411D-8D55-4D4F333B3938}.Debug|x64.ActiveCfg = Debug|Any CPU
		{F9FFEE2C-2397-411D-8D55-4D4F333B3938}.Debug|x64.Build.0 = Debug|Any CPU
		{F9FFEE2C-2397-411D-8D55-4D4F333B3938}.Debug|x86.ActiveCfg = Debug|Any CPU
		{F9FFEE2C-2397-411D-8D55-4D4F333B3938}.Debug|x86.Build.0 = Debug|Any CPU
		{F9FFEE2C-2397-411D-8D55-4D4F333B3938}.Release|Any CPU.ActiveCfg = Release|Any CPU
		{F9FFEE2C-2397-411D-8D55-4D4F333B3938}.Release|Any CPU.Build.0 = Release|Any CPU
		{F9FFEE2C-2397-411D-8D55-4D4F333B3938}.Release|ARM.ActiveCfg = Release|Any CPU
		{F9FFEE2C-2397-411D-8D55-4D4F333B3938}.Release|ARM.Build.0 = Release|Any CPU
		{F9FFEE2C-2397-411D-8D55-4D4F333B3938}.Release|iPhone.ActiveCfg = Release|Any CPU
		{F9FFEE2C-2397-411D-8D55-4D4F333B3938}.Release|iPhone.Build.0 = Release|Any CPU
		{F9FFEE2C-2397-411D-8D55-4D4F333B3938}.Release|iPhoneSimulator.ActiveCfg = Release|Any CPU
		{F9FFEE2C-2397-411D-8D55-4D4F333B3938}.Release|iPhoneSimulator.Build.0 = Release|Any CPU
		{F9FFEE2C-2397-411D-8D55-4D4F333B3938}.Release|x64.ActiveCfg = Release|Any CPU
		{F9FFEE2C-2397-411D-8D55-4D4F333B3938}.Release|x64.Build.0 = Release|Any CPU
		{F9FFEE2C-2397-411D-8D55-4D4F333B3938}.Release|x86.ActiveCfg = Release|Any CPU
		{F9FFEE2C-2397-411D-8D55-4D4F333B3938}.Release|x86.Build.0 = Release|Any CPU
		{5F1B87FA-7426-4994-AA7D-914C4F86985F}.Ad-Hoc|Any CPU.ActiveCfg = Release|Any CPU
		{5F1B87FA-7426-4994-AA7D-914C4F86985F}.Ad-Hoc|Any CPU.Build.0 = Release|Any CPU
		{5F1B87FA-7426-4994-AA7D-914C4F86985F}.Ad-Hoc|ARM.ActiveCfg = Release|Any CPU
		{5F1B87FA-7426-4994-AA7D-914C4F86985F}.Ad-Hoc|ARM.Build.0 = Release|Any CPU
		{5F1B87FA-7426-4994-AA7D-914C4F86985F}.Ad-Hoc|iPhone.ActiveCfg = Release|Any CPU
		{5F1B87FA-7426-4994-AA7D-914C4F86985F}.Ad-Hoc|iPhone.Build.0 = Release|Any CPU
		{5F1B87FA-7426-4994-AA7D-914C4F86985F}.Ad-Hoc|iPhoneSimulator.ActiveCfg = Release|Any CPU
		{5F1B87FA-7426-4994-AA7D-914C4F86985F}.Ad-Hoc|iPhoneSimulator.Build.0 = Release|Any CPU
		{5F1B87FA-7426-4994-AA7D-914C4F86985F}.Ad-Hoc|x64.ActiveCfg = Release|Any CPU
		{5F1B87FA-7426-4994-AA7D-914C4F86985F}.Ad-Hoc|x64.Build.0 = Release|Any CPU
		{5F1B87FA-7426-4994-AA7D-914C4F86985F}.Ad-Hoc|x86.ActiveCfg = Release|Any CPU
		{5F1B87FA-7426-4994-AA7D-914C4F86985F}.Ad-Hoc|x86.Build.0 = Release|Any CPU
		{5F1B87FA-7426-4994-AA7D-914C4F86985F}.AppStore|Any CPU.ActiveCfg = Release|Any CPU
		{5F1B87FA-7426-4994-AA7D-914C4F86985F}.AppStore|Any CPU.Build.0 = Release|Any CPU
		{5F1B87FA-7426-4994-AA7D-914C4F86985F}.AppStore|ARM.ActiveCfg = Release|Any CPU
		{5F1B87FA-7426-4994-AA7D-914C4F86985F}.AppStore|ARM.Build.0 = Release|Any CPU
		{5F1B87FA-7426-4994-AA7D-914C4F86985F}.AppStore|iPhone.ActiveCfg = Release|Any CPU
		{5F1B87FA-7426-4994-AA7D-914C4F86985F}.AppStore|iPhone.Build.0 = Release|Any CPU
		{5F1B87FA-7426-4994-AA7D-914C4F86985F}.AppStore|iPhoneSimulator.ActiveCfg = Release|Any CPU
		{5F1B87FA-7426-4994-AA7D-914C4F86985F}.AppStore|iPhoneSimulator.Build.0 = Release|Any CPU
		{5F1B87FA-7426-4994-AA7D-914C4F86985F}.AppStore|x64.ActiveCfg = Release|Any CPU
		{5F1B87FA-7426-4994-AA7D-914C4F86985F}.AppStore|x64.Build.0 = Release|Any CPU
		{5F1B87FA-7426-4994-AA7D-914C4F86985F}.AppStore|x86.ActiveCfg = Release|Any CPU
		{5F1B87FA-7426-4994-AA7D-914C4F86985F}.AppStore|x86.Build.0 = Release|Any CPU
		{5F1B87FA-7426-4994-AA7D-914C4F86985F}.Debug|Any CPU.ActiveCfg = Debug|Any CPU
		{5F1B87FA-7426-4994-AA7D-914C4F86985F}.Debug|Any CPU.Build.0 = Debug|Any CPU
		{5F1B87FA-7426-4994-AA7D-914C4F86985F}.Debug|ARM.ActiveCfg = Debug|Any CPU
		{5F1B87FA-7426-4994-AA7D-914C4F86985F}.Debug|ARM.Build.0 = Debug|Any CPU
		{5F1B87FA-7426-4994-AA7D-914C4F86985F}.Debug|iPhone.ActiveCfg = Debug|Any CPU
		{5F1B87FA-7426-4994-AA7D-914C4F86985F}.Debug|iPhone.Build.0 = Debug|Any CPU
		{5F1B87FA-7426-4994-AA7D-914C4F86985F}.Debug|iPhoneSimulator.ActiveCfg = Debug|Any CPU
		{5F1B87FA-7426-4994-AA7D-914C4F86985F}.Debug|iPhoneSimulator.Build.0 = Debug|Any CPU
		{5F1B87FA-7426-4994-AA7D-914C4F86985F}.Debug|x64.ActiveCfg = Debug|Any CPU
		{5F1B87FA-7426-4994-AA7D-914C4F86985F}.Debug|x64.Build.0 = Debug|Any CPU
		{5F1B87FA-7426-4994-AA7D-914C4F86985F}.Debug|x86.ActiveCfg = Debug|Any CPU
		{5F1B87FA-7426-4994-AA7D-914C4F86985F}.Debug|x86.Build.0 = Debug|Any CPU
		{5F1B87FA-7426-4994-AA7D-914C4F86985F}.Release|Any CPU.ActiveCfg = Release|Any CPU
		{5F1B87FA-7426-4994-AA7D-914C4F86985F}.Release|Any CPU.Build.0 = Release|Any CPU
		{5F1B87FA-7426-4994-AA7D-914C4F86985F}.Release|ARM.ActiveCfg = Release|Any CPU
		{5F1B87FA-7426-4994-AA7D-914C4F86985F}.Release|ARM.Build.0 = Release|Any CPU
		{5F1B87FA-7426-4994-AA7D-914C4F86985F}.Release|iPhone.ActiveCfg = Release|Any CPU
		{5F1B87FA-7426-4994-AA7D-914C4F86985F}.Release|iPhone.Build.0 = Release|Any CPU
		{5F1B87FA-7426-4994-AA7D-914C4F86985F}.Release|iPhoneSimulator.ActiveCfg = Release|Any CPU
		{5F1B87FA-7426-4994-AA7D-914C4F86985F}.Release|iPhoneSimulator.Build.0 = Release|Any CPU
		{5F1B87FA-7426-4994-AA7D-914C4F86985F}.Release|x64.ActiveCfg = Release|Any CPU
		{5F1B87FA-7426-4994-AA7D-914C4F86985F}.Release|x64.Build.0 = Release|Any CPU
		{5F1B87FA-7426-4994-AA7D-914C4F86985F}.Release|x86.ActiveCfg = Release|Any CPU
		{5F1B87FA-7426-4994-AA7D-914C4F86985F}.Release|x86.Build.0 = Release|Any CPU
	EndGlobalSection
	GlobalSection(SolutionProperties) = preSolution
		HideSolutionNode = FALSE
	EndGlobalSection
	GlobalSection(NestedProjects) = preSolution
		{91435741-B785-4FD8-B486-FA157FD55852} = {70584D47-5C81-4C41-BA98-B5E6D9B8A40E}
		{7349A370-3A72-471B-8183-39BBDD0A3585} = {4E978199-599F-4001-A863-5746204F8B1D}
		{12D8F66C-50F9-44D9-866C-9D2BE6F8F737} = {4E978199-599F-4001-A863-5746204F8B1D}
		{C6CD8530-FECA-4B06-AFDD-7CC02D00FD4C} = {4E978199-599F-4001-A863-5746204F8B1D}
		{03B96875-A80D-4610-9B73-F3BE382314F4} = {4E978199-599F-4001-A863-5746204F8B1D}
		{7F2D2561-0F78-4597-9E09-043E757BFCE5} = {70584D47-5C81-4C41-BA98-B5E6D9B8A40E}
		{61ABABA0-1EB5-44E9-AEC1-86430846E590} = {70584D47-5C81-4C41-BA98-B5E6D9B8A40E}
		{E16B54F1-FDFC-446E-9F15-D3C61F58F70D} = {70584D47-5C81-4C41-BA98-B5E6D9B8A40E}
		{C556294C-E117-469D-9A53-CC215DBA4EB9} = {70584D47-5C81-4C41-BA98-B5E6D9B8A40E}
		{47ADF18F-1BB7-45AE-ADDB-FA9291F2C532} = {70584D47-5C81-4C41-BA98-B5E6D9B8A40E}
		{F9FFEE2C-2397-411D-8D55-4D4F333B3938} = {4E217353-F4C5-4316-A1E2-604F85381422}
		{5F1B87FA-7426-4994-AA7D-914C4F86985F} = {70584D47-5C81-4C41-BA98-B5E6D9B8A40E}
	EndGlobalSection
	GlobalSection(ExtensibilityGlobals) = postSolution
		SolutionGuid = {5AF36FE1-FAA8-4802-B5C1-FF9548C202D3}
	EndGlobalSection
EndGlobal
