
Microsoft Visual Studio Solution File, Format Version 12.00
# Visual Studio 14
VisualStudioVersion = 14.0.25420.1
MinimumVisualStudioVersion = 10.0.40219.1
Project("{2150E333-8FDC-42A3-9474-1A3956D46DE8}") = "Lib", "Lib", "{70584D47-5C81-4C41-BA98-B5E6D9B8A40E}"
EndProject
Project("{2150E333-8FDC-42A3-9474-1A3956D46DE8}") = "Test", "Test", "{4E217353-F4C5-4316-A1E2-604F85381422}"
EndProject
Project("{FAE04EC0-301F-11D3-BF4B-00C04F79EFBC}") = "PCLAppConfig", "Lib\PCLAppConfig\PCLAppConfig.csproj", "{91435741-B785-4FD8-B486-FA157FD55852}"
EndProject
Global
	GlobalSection(SolutionConfigurationPlatforms) = preSolution
		Ad-Hoc|Any CPU = Ad-Hoc|Any CPU
		Ad-Hoc|ARM = Ad-Hoc|ARM
		Ad-Hoc|iPhone = Ad-Hoc|iPhone
		Ad-Hoc|iPhoneSimulator = Ad-Hoc|iPhoneSimulator
		Ad-Hoc|x64 = Ad-Hoc|x64
		Ad-Hoc|x86 = Ad-Hoc|x86
		AppStore|Any CPU = AppStore|Any CPU
		AppStore|ARM = AppStore|ARM
		AppStore|iPhone = AppStore|iPhone
		AppStore|iPhoneSimulator = AppStore|iPhoneSimulator
		AppStore|x64 = AppStore|x64
		AppStore|x86 = AppStore|x86
		Debug|Any CPU = Debug|Any CPU
		Debug|ARM = Debug|ARM
		Debug|iPhone = Debug|iPhone
		Debug|iPhoneSimulator = Debug|iPhoneSimulator
		Debug|x64 = Debug|x64
		Debug|x86 = Debug|x86
		Release|Any CPU = Release|Any CPU
		Release|ARM = Release|ARM
		Release|iPhone = Release|iPhone
		Release|iPhoneSimulator = Release|iPhoneSimulator
		Release|x64 = Release|x64
		Release|x86 = Release|x86
	EndGlobalSection
	GlobalSection(ProjectConfigurationPlatforms) = postSolution
		{91435741-B785-4FD8-B486-FA157FD55852}.Ad-Hoc|Any CPU.ActiveCfg = Release|Any CPU
		{91435741-B785-4FD8-B486-FA157FD55852}.Ad-Hoc|Any CPU.Build.0 = Release|Any CPU
		{91435741-B785-4FD8-B486-FA157FD55852}.Ad-Hoc|ARM.ActiveCfg = Debug|Any CPU
		{91435741-B785-4FD8-B486-FA157FD55852}.Ad-Hoc|ARM.Build.0 = Debug|Any CPU
		{91435741-B785-4FD8-B486-FA157FD55852}.Ad-Hoc|iPhone.ActiveCfg = Release|Any CPU
		{91435741-B785-4FD8-B486-FA157FD55852}.Ad-Hoc|iPhone.Build.0 = Release|Any CPU
		{91435741-B785-4FD8-B486-FA157FD55852}.Ad-Hoc|iPhoneSimulator.ActiveCfg = Release|Any CPU
		{91435741-B785-4FD8-B486-FA157FD55852}.Ad-Hoc|iPhoneSimulator.Build.0 = Release|Any CPU
		{91435741-B785-4FD8-B486-FA157FD55852}.Ad-Hoc|x64.ActiveCfg = Debug|Any CPU
		{91435741-B785-4FD8-B486-FA157FD55852}.Ad-Hoc|x64.Build.0 = Debug|Any CPU
		{91435741-B785-4FD8-B486-FA157FD55852}.Ad-Hoc|x86.ActiveCfg = Debug|Any CPU
		{91435741-B785-4FD8-B486-FA157FD55852}.Ad-Hoc|x86.Build.0 = Debug|Any CPU
		{91435741-B785-4FD8-B486-FA157FD55852}.AppStore|Any CPU.ActiveCfg = Release|Any CPU
		{91435741-B785-4FD8-B486-FA157FD55852}.AppStore|Any CPU.Build.0 = Release|Any CPU
		{91435741-B785-4FD8-B486-FA157FD55852}.AppStore|ARM.ActiveCfg = Debug|Any CPU
		{91435741-B785-4FD8-B486-FA157FD55852}.AppStore|ARM.Build.0 = Debug|Any CPU
		{91435741-B785-4FD8-B486-FA157FD55852}.AppStore|iPhone.ActiveCfg = Release|Any CPU
		{91435741-B785-4FD8-B486-FA157FD55852}.AppStore|iPhone.Build.0 = Release|Any CPU
		{91435741-B785-4FD8-B486-FA157FD55852}.AppStore|iPhoneSimulator.ActiveCfg = Release|Any CPU
		{91435741-B785-4FD8-B486-FA157FD55852}.AppStore|iPhoneSimulator.Build.0 = Release|Any CPU
		{91435741-B785-4FD8-B486-FA157FD55852}.AppStore|x64.ActiveCfg = Debug|Any CPU
		{91435741-B785-4FD8-B486-FA157FD55852}.AppStore|x64.Build.0 = Debug|Any CPU
		{91435741-B785-4FD8-B486-FA157FD55852}.AppStore|x86.ActiveCfg = Debug|Any CPU
		{91435741-B785-4FD8-B486-FA157FD55852}.AppStore|x86.Build.0 = Debug|Any CPU
		{91435741-B785-4FD8-B486-FA157FD55852}.Debug|Any CPU.ActiveCfg = Debug|Any CPU
		{91435741-B785-4FD8-B486-FA157FD55852}.Debug|Any CPU.Build.0 = Debug|Any CPU
		{91435741-B785-4FD8-B486-FA157FD55852}.Debug|ARM.ActiveCfg = Debug|Any CPU
		{91435741-B785-4FD8-B486-FA157FD55852}.Debug|ARM.Build.0 = Debug|Any CPU
		{91435741-B785-4FD8-B486-FA157FD55852}.Debug|iPhone.ActiveCfg = Debug|Any CPU
		{91435741-B785-4FD8-B486-FA157FD55852}.Debug|iPhone.Build.0 = Debug|Any CPU
		{91435741-B785-4FD8-B486-FA157FD55852}.Debug|iPhoneSimulator.ActiveCfg = Debug|Any CPU
		{91435741-B785-4FD8-B486-FA157FD55852}.Debug|iPhoneSimulator.Build.0 = Debug|Any CPU
		{91435741-B785-4FD8-B486-FA157FD55852}.Debug|x64.ActiveCfg = Debug|Any CPU
		{91435741-B785-4FD8-B486-FA157FD55852}.Debug|x64.Build.0 = Debug|Any CPU
		{91435741-B785-4FD8-B486-FA157FD55852}.Debug|x86.ActiveCfg = Debug|Any CPU
		{91435741-B785-4FD8-B486-FA157FD55852}.Debug|x86.Build.0 = Debug|Any CPU
		{91435741-B785-4FD8-B486-FA157FD55852}.Release|Any CPU.ActiveCfg = Release|Any CPU
		{91435741-B785-4FD8-B486-FA157FD55852}.Release|Any CPU.Build.0 = Release|Any CPU
		{91435741-B785-4FD8-B486-FA157FD55852}.Release|ARM.ActiveCfg = Release|Any CPU
		{91435741-B785-4FD8-B486-FA157FD55852}.Release|ARM.Build.0 = Release|Any CPU
		{91435741-B785-4FD8-B486-FA157FD55852}.Release|iPhone.ActiveCfg = Release|Any CPU
		{91435741-B785-4FD8-B486-FA157FD55852}.Release|iPhone.Build.0 = Release|Any CPU
		{91435741-B785-4FD8-B486-FA157FD55852}.Release|iPhoneSimulator.ActiveCfg = Release|Any CPU
		{91435741-B785-4FD8-B486-FA157FD55852}.Release|iPhoneSimulator.Build.0 = Release|Any CPU
		{91435741-B785-4FD8-B486-FA157FD55852}.Release|x64.ActiveCfg = Release|Any CPU
		{91435741-B785-4FD8-B486-FA157FD55852}.Release|x64.Build.0 = Release|Any CPU
		{91435741-B785-4FD8-B486-FA157FD55852}.Release|x86.ActiveCfg = Release|Any CPU
		{91435741-B785-4FD8-B486-FA157FD55852}.Release|x86.Build.0 = Release|Any CPU
	EndGlobalSection
	GlobalSection(SolutionProperties) = preSolution
		HideSolutionNode = FALSE
	EndGlobalSection
	GlobalSection(NestedProjects) = preSolution
		{91435741-B785-4FD8-B486-FA157FD55852} = {70584D47-5C81-4C41-BA98-B5E6D9B8A40E}
	EndGlobalSection
EndGlobal
