
Microsoft Visual Studio Solution File, Format Version 12.00
# Visual Studio 14
VisualStudioVersion = 14.0.25420.1
MinimumVisualStudioVersion = 10.0.40219.1
Project("{2150E333-8FDC-42A3-9474-1A3956D46DE8}") = "Lib", "Lib", "{70584D47-5C81-4C41-BA98-B5E6D9B8A40E}"
EndProject
Project("{2150E333-8FDC-42A3-9474-1A3956D46DE8}") = "Test", "Test", "{4E217353-F4C5-4316-A1E2-604F85381422}"
EndProject
Project("{FAE04EC0-301F-11D3-BF4B-00C04F79EFBC}") = "PCLAppConfig", "Lib\PCLAppConfig\PCLAppConfig.csproj", "{91435741-B785-4FD8-B486-FA157FD55852}"
EndProject
Project("{FAE04EC0-301F-11D3-BF4B-00C04F79EFBC}") = "AppDemo.Droid", "AppDemo\AppDemo.Droid\AppDemo.Droid.csproj", "{7C67ACC8-7257-4A43-BC52-2A89BFF353CC}"
EndProject
Project("{FAE04EC0-301F-11D3-BF4B-00C04F79EFBC}") = "AppDemo.WinPhone", "AppDemo\AppDemo.WinPhone\AppDemo.WinPhone.csproj", "{6CD4E190-041D-40ED-AAD8-8A08CE5DA65F}"
EndProject
Project("{FAE04EC0-301F-11D3-BF4B-00C04F79EFBC}") = "AppDemo.UWP", "AppDemo\AppDemo.UWP\AppDemo.UWP.csproj", "{58522461-2C65-4DFC-B6DA-00C28C4FE470}"
EndProject
Project("{FAE04EC0-301F-11D3-BF4B-00C04F79EFBC}") = "AppDemo.Windows", "AppDemo\AppDemo.Windows\AppDemo.Windows.csproj", "{FDAB0EFB-0364-46D4-BA26-7C7DB8765611}"
EndProject
Project("{FAE04EC0-301F-11D3-BF4B-00C04F79EFBC}") = "AppDemo", "AppDemo\AppDemo\AppDemo.csproj", "{5A7B0599-CE22-4E29-AD27-F108144ABF25}"
EndProject
Project("{2150E333-8FDC-42A3-9474-1A3956D46DE8}") = "Demo", "Demo", "{A5A263B5-18F1-460E-BC30-8B879AB08471}"
EndProject
Global
	GlobalSection(SolutionConfigurationPlatforms) = preSolution
		Ad-Hoc|Any CPU = Ad-Hoc|Any CPU
		Ad-Hoc|ARM = Ad-Hoc|ARM
		Ad-Hoc|iPhone = Ad-Hoc|iPhone
		Ad-Hoc|iPhoneSimulator = Ad-Hoc|iPhoneSimulator
		Ad-Hoc|x64 = Ad-Hoc|x64
		Ad-Hoc|x86 = Ad-Hoc|x86
		AppStore|Any CPU = AppStore|Any CPU
		AppStore|ARM = AppStore|ARM
		AppStore|iPhone = AppStore|iPhone
		AppStore|iPhoneSimulator = AppStore|iPhoneSimulator
		AppStore|x64 = AppStore|x64
		AppStore|x86 = AppStore|x86
		Debug|Any CPU = Debug|Any CPU
		Debug|ARM = Debug|ARM
		Debug|iPhone = Debug|iPhone
		Debug|iPhoneSimulator = Debug|iPhoneSimulator
		Debug|x64 = Debug|x64
		Debug|x86 = Debug|x86
		Release|Any CPU = Release|Any CPU
		Release|ARM = Release|ARM
		Release|iPhone = Release|iPhone
		Release|iPhoneSimulator = Release|iPhoneSimulator
		Release|x64 = Release|x64
		Release|x86 = Release|x86
	EndGlobalSection
	GlobalSection(ProjectConfigurationPlatforms) = postSolution
		{91435741-B785-4FD8-B486-FA157FD55852}.Ad-Hoc|Any CPU.ActiveCfg = Release|Any CPU
		{91435741-B785-4FD8-B486-FA157FD55852}.Ad-Hoc|Any CPU.Build.0 = Release|Any CPU
		{91435741-B785-4FD8-B486-FA157FD55852}.Ad-Hoc|ARM.ActiveCfg = Debug|Any CPU
		{91435741-B785-4FD8-B486-FA157FD55852}.Ad-Hoc|ARM.Build.0 = Debug|Any CPU
		{91435741-B785-4FD8-B486-FA157FD55852}.Ad-Hoc|iPhone.ActiveCfg = Release|Any CPU
		{91435741-B785-4FD8-B486-FA157FD55852}.Ad-Hoc|iPhone.Build.0 = Release|Any CPU
		{91435741-B785-4FD8-B486-FA157FD55852}.Ad-Hoc|iPhoneSimulator.ActiveCfg = Release|Any CPU
		{91435741-B785-4FD8-B486-FA157FD55852}.Ad-Hoc|iPhoneSimulator.Build.0 = Release|Any CPU
		{91435741-B785-4FD8-B486-FA157FD55852}.Ad-Hoc|x64.ActiveCfg = Debug|Any CPU
		{91435741-B785-4FD8-B486-FA157FD55852}.Ad-Hoc|x64.Build.0 = Debug|Any CPU
		{91435741-B785-4FD8-B486-FA157FD55852}.Ad-Hoc|x86.ActiveCfg = Debug|Any CPU
		{91435741-B785-4FD8-B486-FA157FD55852}.Ad-Hoc|x86.Build.0 = Debug|Any CPU
		{91435741-B785-4FD8-B486-FA157FD55852}.AppStore|Any CPU.ActiveCfg = Release|Any CPU
		{91435741-B785-4FD8-B486-FA157FD55852}.AppStore|Any CPU.Build.0 = Release|Any CPU
		{91435741-B785-4FD8-B486-FA157FD55852}.AppStore|ARM.ActiveCfg = Debug|Any CPU
		{91435741-B785-4FD8-B486-FA157FD55852}.AppStore|ARM.Build.0 = Debug|Any CPU
		{91435741-B785-4FD8-B486-FA157FD55852}.AppStore|iPhone.ActiveCfg = Release|Any CPU
		{91435741-B785-4FD8-B486-FA157FD55852}.AppStore|iPhone.Build.0 = Release|Any CPU
		{91435741-B785-4FD8-B486-FA157FD55852}.AppStore|iPhoneSimulator.ActiveCfg = Release|Any CPU
		{91435741-B785-4FD8-B486-FA157FD55852}.AppStore|iPhoneSimulator.Build.0 = Release|Any CPU
		{91435741-B785-4FD8-B486-FA157FD55852}.AppStore|x64.ActiveCfg = Debug|Any CPU
		{91435741-B785-4FD8-B486-FA157FD55852}.AppStore|x64.Build.0 = Debug|Any CPU
		{91435741-B785-4FD8-B486-FA157FD55852}.AppStore|x86.ActiveCfg = Debug|Any CPU
		{91435741-B785-4FD8-B486-FA157FD55852}.AppStore|x86.Build.0 = Debug|Any CPU
		{91435741-B785-4FD8-B486-FA157FD55852}.Debug|Any CPU.ActiveCfg = Debug|Any CPU
		{91435741-B785-4FD8-B486-FA157FD55852}.Debug|Any CPU.Build.0 = Debug|Any CPU
		{91435741-B785-4FD8-B486-FA157FD55852}.Debug|ARM.ActiveCfg = Debug|Any CPU
		{91435741-B785-4FD8-B486-FA157FD55852}.Debug|ARM.Build.0 = Debug|Any CPU
		{91435741-B785-4FD8-B486-FA157FD55852}.Debug|iPhone.ActiveCfg = Debug|Any CPU
		{91435741-B785-4FD8-B486-FA157FD55852}.Debug|iPhone.Build.0 = Debug|Any CPU
		{91435741-B785-4FD8-B486-FA157FD55852}.Debug|iPhoneSimulator.ActiveCfg = Debug|Any CPU
		{91435741-B785-4FD8-B486-FA157FD55852}.Debug|iPhoneSimulator.Build.0 = Debug|Any CPU
		{91435741-B785-4FD8-B486-FA157FD55852}.Debug|x64.ActiveCfg = Debug|Any CPU
		{91435741-B785-4FD8-B486-FA157FD55852}.Debug|x64.Build.0 = Debug|Any CPU
		{91435741-B785-4FD8-B486-FA157FD55852}.Debug|x86.ActiveCfg = Debug|Any CPU
		{91435741-B785-4FD8-B486-FA157FD55852}.Debug|x86.Build.0 = Debug|Any CPU
		{91435741-B785-4FD8-B486-FA157FD55852}.Release|Any CPU.ActiveCfg = Release|Any CPU
		{91435741-B785-4FD8-B486-FA157FD55852}.Release|Any CPU.Build.0 = Release|Any CPU
		{91435741-B785-4FD8-B486-FA157FD55852}.Release|ARM.ActiveCfg = Release|Any CPU
		{91435741-B785-4FD8-B486-FA157FD55852}.Release|ARM.Build.0 = Release|Any CPU
		{91435741-B785-4FD8-B486-FA157FD55852}.Release|iPhone.ActiveCfg = Release|Any CPU
		{91435741-B785-4FD8-B486-FA157FD55852}.Release|iPhone.Build.0 = Release|Any CPU
		{91435741-B785-4FD8-B486-FA157FD55852}.Release|iPhoneSimulator.ActiveCfg = Release|Any CPU
		{91435741-B785-4FD8-B486-FA157FD55852}.Release|iPhoneSimulator.Build.0 = Release|Any CPU
		{91435741-B785-4FD8-B486-FA157FD55852}.Release|x64.ActiveCfg = Release|Any CPU
		{91435741-B785-4FD8-B486-FA157FD55852}.Release|x64.Build.0 = Release|Any CPU
		{91435741-B785-4FD8-B486-FA157FD55852}.Release|x86.ActiveCfg = Release|Any CPU
		{91435741-B785-4FD8-B486-FA157FD55852}.Release|x86.Build.0 = Release|Any CPU
		{7C67ACC8-7257-4A43-BC52-2A89BFF353CC}.Ad-Hoc|Any CPU.ActiveCfg = Release|Any CPU
		{7C67ACC8-7257-4A43-BC52-2A89BFF353CC}.Ad-Hoc|Any CPU.Build.0 = Release|Any CPU
		{7C67ACC8-7257-4A43-BC52-2A89BFF353CC}.Ad-Hoc|Any CPU.Deploy.0 = Release|Any CPU
		{7C67ACC8-7257-4A43-BC52-2A89BFF353CC}.Ad-Hoc|ARM.ActiveCfg = Release|Any CPU
		{7C67ACC8-7257-4A43-BC52-2A89BFF353CC}.Ad-Hoc|ARM.Build.0 = Release|Any CPU
		{7C67ACC8-7257-4A43-BC52-2A89BFF353CC}.Ad-Hoc|ARM.Deploy.0 = Release|Any CPU
		{7C67ACC8-7257-4A43-BC52-2A89BFF353CC}.Ad-Hoc|iPhone.ActiveCfg = Release|Any CPU
		{7C67ACC8-7257-4A43-BC52-2A89BFF353CC}.Ad-Hoc|iPhone.Build.0 = Release|Any CPU
		{7C67ACC8-7257-4A43-BC52-2A89BFF353CC}.Ad-Hoc|iPhone.Deploy.0 = Release|Any CPU
		{7C67ACC8-7257-4A43-BC52-2A89BFF353CC}.Ad-Hoc|iPhoneSimulator.ActiveCfg = Release|Any CPU
		{7C67ACC8-7257-4A43-BC52-2A89BFF353CC}.Ad-Hoc|iPhoneSimulator.Build.0 = Release|Any CPU
		{7C67ACC8-7257-4A43-BC52-2A89BFF353CC}.Ad-Hoc|iPhoneSimulator.Deploy.0 = Release|Any CPU
		{7C67ACC8-7257-4A43-BC52-2A89BFF353CC}.Ad-Hoc|x64.ActiveCfg = Release|Any CPU
		{7C67ACC8-7257-4A43-BC52-2A89BFF353CC}.Ad-Hoc|x64.Build.0 = Release|Any CPU
		{7C67ACC8-7257-4A43-BC52-2A89BFF353CC}.Ad-Hoc|x64.Deploy.0 = Release|Any CPU
		{7C67ACC8-7257-4A43-BC52-2A89BFF353CC}.Ad-Hoc|x86.ActiveCfg = Release|Any CPU
		{7C67ACC8-7257-4A43-BC52-2A89BFF353CC}.Ad-Hoc|x86.Build.0 = Release|Any CPU
		{7C67ACC8-7257-4A43-BC52-2A89BFF353CC}.Ad-Hoc|x86.Deploy.0 = Release|Any CPU
		{7C67ACC8-7257-4A43-BC52-2A89BFF353CC}.AppStore|Any CPU.ActiveCfg = Release|Any CPU
		{7C67ACC8-7257-4A43-BC52-2A89BFF353CC}.AppStore|Any CPU.Build.0 = Release|Any CPU
		{7C67ACC8-7257-4A43-BC52-2A89BFF353CC}.AppStore|Any CPU.Deploy.0 = Release|Any CPU
		{7C67ACC8-7257-4A43-BC52-2A89BFF353CC}.AppStore|ARM.ActiveCfg = Release|Any CPU
		{7C67ACC8-7257-4A43-BC52-2A89BFF353CC}.AppStore|ARM.Build.0 = Release|Any CPU
		{7C67ACC8-7257-4A43-BC52-2A89BFF353CC}.AppStore|ARM.Deploy.0 = Release|Any CPU
		{7C67ACC8-7257-4A43-BC52-2A89BFF353CC}.AppStore|iPhone.ActiveCfg = Release|Any CPU
		{7C67ACC8-7257-4A43-BC52-2A89BFF353CC}.AppStore|iPhone.Build.0 = Release|Any CPU
		{7C67ACC8-7257-4A43-BC52-2A89BFF353CC}.AppStore|iPhone.Deploy.0 = Release|Any CPU
		{7C67ACC8-7257-4A43-BC52-2A89BFF353CC}.AppStore|iPhoneSimulator.ActiveCfg = Release|Any CPU
		{7C67ACC8-7257-4A43-BC52-2A89BFF353CC}.AppStore|iPhoneSimulator.Build.0 = Release|Any CPU
		{7C67ACC8-7257-4A43-BC52-2A89BFF353CC}.AppStore|iPhoneSimulator.Deploy.0 = Release|Any CPU
		{7C67ACC8-7257-4A43-BC52-2A89BFF353CC}.AppStore|x64.ActiveCfg = Release|Any CPU
		{7C67ACC8-7257-4A43-BC52-2A89BFF353CC}.AppStore|x64.Build.0 = Release|Any CPU
		{7C67ACC8-7257-4A43-BC52-2A89BFF353CC}.AppStore|x64.Deploy.0 = Release|Any CPU
		{7C67ACC8-7257-4A43-BC52-2A89BFF353CC}.AppStore|x86.ActiveCfg = Release|Any CPU
		{7C67ACC8-7257-4A43-BC52-2A89BFF353CC}.AppStore|x86.Build.0 = Release|Any CPU
		{7C67ACC8-7257-4A43-BC52-2A89BFF353CC}.AppStore|x86.Deploy.0 = Release|Any CPU
		{7C67ACC8-7257-4A43-BC52-2A89BFF353CC}.Debug|Any CPU.ActiveCfg = Debug|Any CPU
		{7C67ACC8-7257-4A43-BC52-2A89BFF353CC}.Debug|Any CPU.Build.0 = Debug|Any CPU
		{7C67ACC8-7257-4A43-BC52-2A89BFF353CC}.Debug|Any CPU.Deploy.0 = Debug|Any CPU
		{7C67ACC8-7257-4A43-BC52-2A89BFF353CC}.Debug|ARM.ActiveCfg = Debug|Any CPU
		{7C67ACC8-7257-4A43-BC52-2A89BFF353CC}.Debug|ARM.Build.0 = Debug|Any CPU
		{7C67ACC8-7257-4A43-BC52-2A89BFF353CC}.Debug|ARM.Deploy.0 = Debug|Any CPU
		{7C67ACC8-7257-4A43-BC52-2A89BFF353CC}.Debug|iPhone.ActiveCfg = Debug|Any CPU
		{7C67ACC8-7257-4A43-BC52-2A89BFF353CC}.Debug|iPhone.Build.0 = Debug|Any CPU
		{7C67ACC8-7257-4A43-BC52-2A89BFF353CC}.Debug|iPhone.Deploy.0 = Debug|Any CPU
		{7C67ACC8-7257-4A43-BC52-2A89BFF353CC}.Debug|iPhoneSimulator.ActiveCfg = Debug|Any CPU
		{7C67ACC8-7257-4A43-BC52-2A89BFF353CC}.Debug|iPhoneSimulator.Build.0 = Debug|Any CPU
		{7C67ACC8-7257-4A43-BC52-2A89BFF353CC}.Debug|iPhoneSimulator.Deploy.0 = Debug|Any CPU
		{7C67ACC8-7257-4A43-BC52-2A89BFF353CC}.Debug|x64.ActiveCfg = Debug|Any CPU
		{7C67ACC8-7257-4A43-BC52-2A89BFF353CC}.Debug|x64.Build.0 = Debug|Any CPU
		{7C67ACC8-7257-4A43-BC52-2A89BFF353CC}.Debug|x64.Deploy.0 = Debug|Any CPU
		{7C67ACC8-7257-4A43-BC52-2A89BFF353CC}.Debug|x86.ActiveCfg = Debug|Any CPU
		{7C67ACC8-7257-4A43-BC52-2A89BFF353CC}.Debug|x86.Build.0 = Debug|Any CPU
		{7C67ACC8-7257-4A43-BC52-2A89BFF353CC}.Debug|x86.Deploy.0 = Debug|Any CPU
		{7C67ACC8-7257-4A43-BC52-2A89BFF353CC}.Release|Any CPU.ActiveCfg = Release|Any CPU
		{7C67ACC8-7257-4A43-BC52-2A89BFF353CC}.Release|Any CPU.Build.0 = Release|Any CPU
		{7C67ACC8-7257-4A43-BC52-2A89BFF353CC}.Release|Any CPU.Deploy.0 = Release|Any CPU
		{7C67ACC8-7257-4A43-BC52-2A89BFF353CC}.Release|ARM.ActiveCfg = Release|Any CPU
		{7C67ACC8-7257-4A43-BC52-2A89BFF353CC}.Release|ARM.Build.0 = Release|Any CPU
		{7C67ACC8-7257-4A43-BC52-2A89BFF353CC}.Release|ARM.Deploy.0 = Release|Any CPU
		{7C67ACC8-7257-4A43-BC52-2A89BFF353CC}.Release|iPhone.ActiveCfg = Release|Any CPU
		{7C67ACC8-7257-4A43-BC52-2A89BFF353CC}.Release|iPhone.Build.0 = Release|Any CPU
		{7C67ACC8-7257-4A43-BC52-2A89BFF353CC}.Release|iPhone.Deploy.0 = Release|Any CPU
		{7C67ACC8-7257-4A43-BC52-2A89BFF353CC}.Release|iPhoneSimulator.ActiveCfg = Release|Any CPU
		{7C67ACC8-7257-4A43-BC52-2A89BFF353CC}.Release|iPhoneSimulator.Build.0 = Release|Any CPU
		{7C67ACC8-7257-4A43-BC52-2A89BFF353CC}.Release|iPhoneSimulator.Deploy.0 = Release|Any CPU
		{7C67ACC8-7257-4A43-BC52-2A89BFF353CC}.Release|x64.ActiveCfg = Release|Any CPU
		{7C67ACC8-7257-4A43-BC52-2A89BFF353CC}.Release|x64.Build.0 = Release|Any CPU
		{7C67ACC8-7257-4A43-BC52-2A89BFF353CC}.Release|x64.Deploy.0 = Release|Any CPU
		{7C67ACC8-7257-4A43-BC52-2A89BFF353CC}.Release|x86.ActiveCfg = Release|Any CPU
		{7C67ACC8-7257-4A43-BC52-2A89BFF353CC}.Release|x86.Build.0 = Release|Any CPU
		{7C67ACC8-7257-4A43-BC52-2A89BFF353CC}.Release|x86.Deploy.0 = Release|Any CPU
		{6CD4E190-041D-40ED-AAD8-8A08CE5DA65F}.Ad-Hoc|Any CPU.ActiveCfg = Release|Any CPU
		{6CD4E190-041D-40ED-AAD8-8A08CE5DA65F}.Ad-Hoc|Any CPU.Build.0 = Release|Any CPU
		{6CD4E190-041D-40ED-AAD8-8A08CE5DA65F}.Ad-Hoc|Any CPU.Deploy.0 = Release|Any CPU
		{6CD4E190-041D-40ED-AAD8-8A08CE5DA65F}.Ad-Hoc|ARM.ActiveCfg = Release|ARM
		{6CD4E190-041D-40ED-AAD8-8A08CE5DA65F}.Ad-Hoc|ARM.Build.0 = Release|ARM
		{6CD4E190-041D-40ED-AAD8-8A08CE5DA65F}.Ad-Hoc|ARM.Deploy.0 = Release|ARM
		{6CD4E190-041D-40ED-AAD8-8A08CE5DA65F}.Ad-Hoc|iPhone.ActiveCfg = Release|Any CPU
		{6CD4E190-041D-40ED-AAD8-8A08CE5DA65F}.Ad-Hoc|iPhone.Build.0 = Release|Any CPU
		{6CD4E190-041D-40ED-AAD8-8A08CE5DA65F}.Ad-Hoc|iPhone.Deploy.0 = Release|Any CPU
		{6CD4E190-041D-40ED-AAD8-8A08CE5DA65F}.Ad-Hoc|iPhoneSimulator.ActiveCfg = Release|Any CPU
		{6CD4E190-041D-40ED-AAD8-8A08CE5DA65F}.Ad-Hoc|iPhoneSimulator.Build.0 = Release|Any CPU
		{6CD4E190-041D-40ED-AAD8-8A08CE5DA65F}.Ad-Hoc|iPhoneSimulator.Deploy.0 = Release|Any CPU
		{6CD4E190-041D-40ED-AAD8-8A08CE5DA65F}.Ad-Hoc|x64.ActiveCfg = Release|Any CPU
		{6CD4E190-041D-40ED-AAD8-8A08CE5DA65F}.Ad-Hoc|x64.Build.0 = Release|Any CPU
		{6CD4E190-041D-40ED-AAD8-8A08CE5DA65F}.Ad-Hoc|x64.Deploy.0 = Release|Any CPU
		{6CD4E190-041D-40ED-AAD8-8A08CE5DA65F}.Ad-Hoc|x86.ActiveCfg = Release|x86
		{6CD4E190-041D-40ED-AAD8-8A08CE5DA65F}.Ad-Hoc|x86.Build.0 = Release|x86
		{6CD4E190-041D-40ED-AAD8-8A08CE5DA65F}.Ad-Hoc|x86.Deploy.0 = Release|x86
		{6CD4E190-041D-40ED-AAD8-8A08CE5DA65F}.AppStore|Any CPU.ActiveCfg = Release|Any CPU
		{6CD4E190-041D-40ED-AAD8-8A08CE5DA65F}.AppStore|Any CPU.Build.0 = Release|Any CPU
		{6CD4E190-041D-40ED-AAD8-8A08CE5DA65F}.AppStore|Any CPU.Deploy.0 = Release|Any CPU
		{6CD4E190-041D-40ED-AAD8-8A08CE5DA65F}.AppStore|ARM.ActiveCfg = Release|ARM
		{6CD4E190-041D-40ED-AAD8-8A08CE5DA65F}.AppStore|ARM.Build.0 = Release|ARM
		{6CD4E190-041D-40ED-AAD8-8A08CE5DA65F}.AppStore|ARM.Deploy.0 = Release|ARM
		{6CD4E190-041D-40ED-AAD8-8A08CE5DA65F}.AppStore|iPhone.ActiveCfg = Release|Any CPU
		{6CD4E190-041D-40ED-AAD8-8A08CE5DA65F}.AppStore|iPhone.Build.0 = Release|Any CPU
		{6CD4E190-041D-40ED-AAD8-8A08CE5DA65F}.AppStore|iPhone.Deploy.0 = Release|Any CPU
		{6CD4E190-041D-40ED-AAD8-8A08CE5DA65F}.AppStore|iPhoneSimulator.ActiveCfg = Release|Any CPU
		{6CD4E190-041D-40ED-AAD8-8A08CE5DA65F}.AppStore|iPhoneSimulator.Build.0 = Release|Any CPU
		{6CD4E190-041D-40ED-AAD8-8A08CE5DA65F}.AppStore|iPhoneSimulator.Deploy.0 = Release|Any CPU
		{6CD4E190-041D-40ED-AAD8-8A08CE5DA65F}.AppStore|x64.ActiveCfg = Release|Any CPU
		{6CD4E190-041D-40ED-AAD8-8A08CE5DA65F}.AppStore|x64.Build.0 = Release|Any CPU
		{6CD4E190-041D-40ED-AAD8-8A08CE5DA65F}.AppStore|x64.Deploy.0 = Release|Any CPU
		{6CD4E190-041D-40ED-AAD8-8A08CE5DA65F}.AppStore|x86.ActiveCfg = Release|x86
		{6CD4E190-041D-40ED-AAD8-8A08CE5DA65F}.AppStore|x86.Build.0 = Release|x86
		{6CD4E190-041D-40ED-AAD8-8A08CE5DA65F}.AppStore|x86.Deploy.0 = Release|x86
		{6CD4E190-041D-40ED-AAD8-8A08CE5DA65F}.Debug|Any CPU.ActiveCfg = Debug|Any CPU
		{6CD4E190-041D-40ED-AAD8-8A08CE5DA65F}.Debug|Any CPU.Build.0 = Debug|Any CPU
		{6CD4E190-041D-40ED-AAD8-8A08CE5DA65F}.Debug|Any CPU.Deploy.0 = Debug|Any CPU
		{6CD4E190-041D-40ED-AAD8-8A08CE5DA65F}.Debug|ARM.ActiveCfg = Debug|ARM
		{6CD4E190-041D-40ED-AAD8-8A08CE5DA65F}.Debug|ARM.Build.0 = Debug|ARM
		{6CD4E190-041D-40ED-AAD8-8A08CE5DA65F}.Debug|ARM.Deploy.0 = Debug|ARM
		{6CD4E190-041D-40ED-AAD8-8A08CE5DA65F}.Debug|iPhone.ActiveCfg = Debug|Any CPU
		{6CD4E190-041D-40ED-AAD8-8A08CE5DA65F}.Debug|iPhone.Build.0 = Debug|Any CPU
		{6CD4E190-041D-40ED-AAD8-8A08CE5DA65F}.Debug|iPhone.Deploy.0 = Debug|Any CPU
		{6CD4E190-041D-40ED-AAD8-8A08CE5DA65F}.Debug|iPhoneSimulator.ActiveCfg = Debug|Any CPU
		{6CD4E190-041D-40ED-AAD8-8A08CE5DA65F}.Debug|iPhoneSimulator.Build.0 = Debug|Any CPU
		{6CD4E190-041D-40ED-AAD8-8A08CE5DA65F}.Debug|iPhoneSimulator.Deploy.0 = Debug|Any CPU
		{6CD4E190-041D-40ED-AAD8-8A08CE5DA65F}.Debug|x64.ActiveCfg = Debug|Any CPU
		{6CD4E190-041D-40ED-AAD8-8A08CE5DA65F}.Debug|x64.Build.0 = Debug|Any CPU
		{6CD4E190-041D-40ED-AAD8-8A08CE5DA65F}.Debug|x64.Deploy.0 = Debug|Any CPU
		{6CD4E190-041D-40ED-AAD8-8A08CE5DA65F}.Debug|x86.ActiveCfg = Debug|x86
		{6CD4E190-041D-40ED-AAD8-8A08CE5DA65F}.Debug|x86.Build.0 = Debug|x86
		{6CD4E190-041D-40ED-AAD8-8A08CE5DA65F}.Debug|x86.Deploy.0 = Debug|x86
		{6CD4E190-041D-40ED-AAD8-8A08CE5DA65F}.Release|Any CPU.ActiveCfg = Release|Any CPU
		{6CD4E190-041D-40ED-AAD8-8A08CE5DA65F}.Release|Any CPU.Build.0 = Release|Any CPU
		{6CD4E190-041D-40ED-AAD8-8A08CE5DA65F}.Release|Any CPU.Deploy.0 = Release|Any CPU
		{6CD4E190-041D-40ED-AAD8-8A08CE5DA65F}.Release|ARM.ActiveCfg = Release|ARM
		{6CD4E190-041D-40ED-AAD8-8A08CE5DA65F}.Release|ARM.Build.0 = Release|ARM
		{6CD4E190-041D-40ED-AAD8-8A08CE5DA65F}.Release|ARM.Deploy.0 = Release|ARM
		{6CD4E190-041D-40ED-AAD8-8A08CE5DA65F}.Release|iPhone.ActiveCfg = Release|Any CPU
		{6CD4E190-041D-40ED-AAD8-8A08CE5DA65F}.Release|iPhone.Build.0 = Release|Any CPU
		{6CD4E190-041D-40ED-AAD8-8A08CE5DA65F}.Release|iPhone.Deploy.0 = Release|Any CPU
		{6CD4E190-041D-40ED-AAD8-8A08CE5DA65F}.Release|iPhoneSimulator.ActiveCfg = Release|Any CPU
		{6CD4E190-041D-40ED-AAD8-8A08CE5DA65F}.Release|iPhoneSimulator.Build.0 = Release|Any CPU
		{6CD4E190-041D-40ED-AAD8-8A08CE5DA65F}.Release|iPhoneSimulator.Deploy.0 = Release|Any CPU
		{6CD4E190-041D-40ED-AAD8-8A08CE5DA65F}.Release|x64.ActiveCfg = Release|Any CPU
		{6CD4E190-041D-40ED-AAD8-8A08CE5DA65F}.Release|x64.Build.0 = Release|Any CPU
		{6CD4E190-041D-40ED-AAD8-8A08CE5DA65F}.Release|x64.Deploy.0 = Release|Any CPU
		{6CD4E190-041D-40ED-AAD8-8A08CE5DA65F}.Release|x86.ActiveCfg = Release|x86
		{6CD4E190-041D-40ED-AAD8-8A08CE5DA65F}.Release|x86.Build.0 = Release|x86
		{6CD4E190-041D-40ED-AAD8-8A08CE5DA65F}.Release|x86.Deploy.0 = Release|x86
		{58522461-2C65-4DFC-B6DA-00C28C4FE470}.Ad-Hoc|Any CPU.ActiveCfg = Release|x86
		{58522461-2C65-4DFC-B6DA-00C28C4FE470}.Ad-Hoc|Any CPU.Build.0 = Release|x86
		{58522461-2C65-4DFC-B6DA-00C28C4FE470}.Ad-Hoc|Any CPU.Deploy.0 = Release|x86
		{58522461-2C65-4DFC-B6DA-00C28C4FE470}.Ad-Hoc|ARM.ActiveCfg = Release|ARM
		{58522461-2C65-4DFC-B6DA-00C28C4FE470}.Ad-Hoc|ARM.Build.0 = Release|ARM
		{58522461-2C65-4DFC-B6DA-00C28C4FE470}.Ad-Hoc|ARM.Deploy.0 = Release|ARM
		{58522461-2C65-4DFC-B6DA-00C28C4FE470}.Ad-Hoc|iPhone.ActiveCfg = Release|x86
		{58522461-2C65-4DFC-B6DA-00C28C4FE470}.Ad-Hoc|iPhone.Build.0 = Release|x86
		{58522461-2C65-4DFC-B6DA-00C28C4FE470}.Ad-Hoc|iPhone.Deploy.0 = Release|x86
		{58522461-2C65-4DFC-B6DA-00C28C4FE470}.Ad-Hoc|iPhoneSimulator.ActiveCfg = Release|x86
		{58522461-2C65-4DFC-B6DA-00C28C4FE470}.Ad-Hoc|iPhoneSimulator.Build.0 = Release|x86
		{58522461-2C65-4DFC-B6DA-00C28C4FE470}.Ad-Hoc|iPhoneSimulator.Deploy.0 = Release|x86
		{58522461-2C65-4DFC-B6DA-00C28C4FE470}.Ad-Hoc|x64.ActiveCfg = Release|x64
		{58522461-2C65-4DFC-B6DA-00C28C4FE470}.Ad-Hoc|x64.Build.0 = Release|x64
		{58522461-2C65-4DFC-B6DA-00C28C4FE470}.Ad-Hoc|x64.Deploy.0 = Release|x64
		{58522461-2C65-4DFC-B6DA-00C28C4FE470}.Ad-Hoc|x86.ActiveCfg = Release|x86
		{58522461-2C65-4DFC-B6DA-00C28C4FE470}.Ad-Hoc|x86.Build.0 = Release|x86
		{58522461-2C65-4DFC-B6DA-00C28C4FE470}.Ad-Hoc|x86.Deploy.0 = Release|x86
		{58522461-2C65-4DFC-B6DA-00C28C4FE470}.AppStore|Any CPU.ActiveCfg = Release|x86
		{58522461-2C65-4DFC-B6DA-00C28C4FE470}.AppStore|Any CPU.Build.0 = Release|x86
		{58522461-2C65-4DFC-B6DA-00C28C4FE470}.AppStore|Any CPU.Deploy.0 = Release|x86
		{58522461-2C65-4DFC-B6DA-00C28C4FE470}.AppStore|ARM.ActiveCfg = Release|ARM
		{58522461-2C65-4DFC-B6DA-00C28C4FE470}.AppStore|ARM.Build.0 = Release|ARM
		{58522461-2C65-4DFC-B6DA-00C28C4FE470}.AppStore|ARM.Deploy.0 = Release|ARM
		{58522461-2C65-4DFC-B6DA-00C28C4FE470}.AppStore|iPhone.ActiveCfg = Release|x86
		{58522461-2C65-4DFC-B6DA-00C28C4FE470}.AppStore|iPhone.Build.0 = Release|x86
		{58522461-2C65-4DFC-B6DA-00C28C4FE470}.AppStore|iPhone.Deploy.0 = Release|x86
		{58522461-2C65-4DFC-B6DA-00C28C4FE470}.AppStore|iPhoneSimulator.ActiveCfg = Release|x86
		{58522461-2C65-4DFC-B6DA-00C28C4FE470}.AppStore|iPhoneSimulator.Build.0 = Release|x86
		{58522461-2C65-4DFC-B6DA-00C28C4FE470}.AppStore|iPhoneSimulator.Deploy.0 = Release|x86
		{58522461-2C65-4DFC-B6DA-00C28C4FE470}.AppStore|x64.ActiveCfg = Release|x64
		{58522461-2C65-4DFC-B6DA-00C28C4FE470}.AppStore|x64.Build.0 = Release|x64
		{58522461-2C65-4DFC-B6DA-00C28C4FE470}.AppStore|x64.Deploy.0 = Release|x64
		{58522461-2C65-4DFC-B6DA-00C28C4FE470}.AppStore|x86.ActiveCfg = Release|x86
		{58522461-2C65-4DFC-B6DA-00C28C4FE470}.AppStore|x86.Build.0 = Release|x86
		{58522461-2C65-4DFC-B6DA-00C28C4FE470}.AppStore|x86.Deploy.0 = Release|x86
		{58522461-2C65-4DFC-B6DA-00C28C4FE470}.Debug|Any CPU.ActiveCfg = Debug|x86
		{58522461-2C65-4DFC-B6DA-00C28C4FE470}.Debug|ARM.ActiveCfg = Debug|ARM
		{58522461-2C65-4DFC-B6DA-00C28C4FE470}.Debug|ARM.Build.0 = Debug|ARM
		{58522461-2C65-4DFC-B6DA-00C28C4FE470}.Debug|ARM.Deploy.0 = Debug|ARM
		{58522461-2C65-4DFC-B6DA-00C28C4FE470}.Debug|iPhone.ActiveCfg = Debug|x86
		{58522461-2C65-4DFC-B6DA-00C28C4FE470}.Debug|iPhoneSimulator.ActiveCfg = Debug|x86
		{58522461-2C65-4DFC-B6DA-00C28C4FE470}.Debug|x64.ActiveCfg = Debug|x64
		{58522461-2C65-4DFC-B6DA-00C28C4FE470}.Debug|x64.Build.0 = Debug|x64
		{58522461-2C65-4DFC-B6DA-00C28C4FE470}.Debug|x64.Deploy.0 = Debug|x64
		{58522461-2C65-4DFC-B6DA-00C28C4FE470}.Debug|x86.ActiveCfg = Debug|x86
		{58522461-2C65-4DFC-B6DA-00C28C4FE470}.Debug|x86.Build.0 = Debug|x86
		{58522461-2C65-4DFC-B6DA-00C28C4FE470}.Debug|x86.Deploy.0 = Debug|x86
		{58522461-2C65-4DFC-B6DA-00C28C4FE470}.Release|Any CPU.ActiveCfg = Release|x86
		{58522461-2C65-4DFC-B6DA-00C28C4FE470}.Release|ARM.ActiveCfg = Release|ARM
		{58522461-2C65-4DFC-B6DA-00C28C4FE470}.Release|ARM.Build.0 = Release|ARM
		{58522461-2C65-4DFC-B6DA-00C28C4FE470}.Release|ARM.Deploy.0 = Release|ARM
		{58522461-2C65-4DFC-B6DA-00C28C4FE470}.Release|iPhone.ActiveCfg = Release|x86
		{58522461-2C65-4DFC-B6DA-00C28C4FE470}.Release|iPhoneSimulator.ActiveCfg = Release|x86
		{58522461-2C65-4DFC-B6DA-00C28C4FE470}.Release|x64.ActiveCfg = Release|x64
		{58522461-2C65-4DFC-B6DA-00C28C4FE470}.Release|x64.Build.0 = Release|x64
		{58522461-2C65-4DFC-B6DA-00C28C4FE470}.Release|x64.Deploy.0 = Release|x64
		{58522461-2C65-4DFC-B6DA-00C28C4FE470}.Release|x86.ActiveCfg = Release|x86
		{58522461-2C65-4DFC-B6DA-00C28C4FE470}.Release|x86.Build.0 = Release|x86
		{58522461-2C65-4DFC-B6DA-00C28C4FE470}.Release|x86.Deploy.0 = Release|x86
		{FDAB0EFB-0364-46D4-BA26-7C7DB8765611}.Ad-Hoc|Any CPU.ActiveCfg = Release|Any CPU
		{FDAB0EFB-0364-46D4-BA26-7C7DB8765611}.Ad-Hoc|Any CPU.Build.0 = Release|Any CPU
		{FDAB0EFB-0364-46D4-BA26-7C7DB8765611}.Ad-Hoc|Any CPU.Deploy.0 = Release|Any CPU
		{FDAB0EFB-0364-46D4-BA26-7C7DB8765611}.Ad-Hoc|ARM.ActiveCfg = Release|ARM
		{FDAB0EFB-0364-46D4-BA26-7C7DB8765611}.Ad-Hoc|ARM.Build.0 = Release|ARM
		{FDAB0EFB-0364-46D4-BA26-7C7DB8765611}.Ad-Hoc|ARM.Deploy.0 = Release|ARM
		{FDAB0EFB-0364-46D4-BA26-7C7DB8765611}.Ad-Hoc|iPhone.ActiveCfg = Release|Any CPU
		{FDAB0EFB-0364-46D4-BA26-7C7DB8765611}.Ad-Hoc|iPhone.Build.0 = Release|Any CPU
		{FDAB0EFB-0364-46D4-BA26-7C7DB8765611}.Ad-Hoc|iPhone.Deploy.0 = Release|Any CPU
		{FDAB0EFB-0364-46D4-BA26-7C7DB8765611}.Ad-Hoc|iPhoneSimulator.ActiveCfg = Release|Any CPU
		{FDAB0EFB-0364-46D4-BA26-7C7DB8765611}.Ad-Hoc|iPhoneSimulator.Build.0 = Release|Any CPU
		{FDAB0EFB-0364-46D4-BA26-7C7DB8765611}.Ad-Hoc|iPhoneSimulator.Deploy.0 = Release|Any CPU
		{FDAB0EFB-0364-46D4-BA26-7C7DB8765611}.Ad-Hoc|x64.ActiveCfg = Release|x64
		{FDAB0EFB-0364-46D4-BA26-7C7DB8765611}.Ad-Hoc|x64.Build.0 = Release|x64
		{FDAB0EFB-0364-46D4-BA26-7C7DB8765611}.Ad-Hoc|x64.Deploy.0 = Release|x64
		{FDAB0EFB-0364-46D4-BA26-7C7DB8765611}.Ad-Hoc|x86.ActiveCfg = Release|x86
		{FDAB0EFB-0364-46D4-BA26-7C7DB8765611}.Ad-Hoc|x86.Build.0 = Release|x86
		{FDAB0EFB-0364-46D4-BA26-7C7DB8765611}.Ad-Hoc|x86.Deploy.0 = Release|x86
		{FDAB0EFB-0364-46D4-BA26-7C7DB8765611}.AppStore|Any CPU.ActiveCfg = Release|Any CPU
		{FDAB0EFB-0364-46D4-BA26-7C7DB8765611}.AppStore|Any CPU.Build.0 = Release|Any CPU
		{FDAB0EFB-0364-46D4-BA26-7C7DB8765611}.AppStore|Any CPU.Deploy.0 = Release|Any CPU
		{FDAB0EFB-0364-46D4-BA26-7C7DB8765611}.AppStore|ARM.ActiveCfg = Release|ARM
		{FDAB0EFB-0364-46D4-BA26-7C7DB8765611}.AppStore|ARM.Build.0 = Release|ARM
		{FDAB0EFB-0364-46D4-BA26-7C7DB8765611}.AppStore|ARM.Deploy.0 = Release|ARM
		{FDAB0EFB-0364-46D4-BA26-7C7DB8765611}.AppStore|iPhone.ActiveCfg = Release|Any CPU
		{FDAB0EFB-0364-46D4-BA26-7C7DB8765611}.AppStore|iPhone.Build.0 = Release|Any CPU
		{FDAB0EFB-0364-46D4-BA26-7C7DB8765611}.AppStore|iPhone.Deploy.0 = Release|Any CPU
		{FDAB0EFB-0364-46D4-BA26-7C7DB8765611}.AppStore|iPhoneSimulator.ActiveCfg = Release|Any CPU
		{FDAB0EFB-0364-46D4-BA26-7C7DB8765611}.AppStore|iPhoneSimulator.Build.0 = Release|Any CPU
		{FDAB0EFB-0364-46D4-BA26-7C7DB8765611}.AppStore|iPhoneSimulator.Deploy.0 = Release|Any CPU
		{FDAB0EFB-0364-46D4-BA26-7C7DB8765611}.AppStore|x64.ActiveCfg = Release|x64
		{FDAB0EFB-0364-46D4-BA26-7C7DB8765611}.AppStore|x64.Build.0 = Release|x64
		{FDAB0EFB-0364-46D4-BA26-7C7DB8765611}.AppStore|x64.Deploy.0 = Release|x64
		{FDAB0EFB-0364-46D4-BA26-7C7DB8765611}.AppStore|x86.ActiveCfg = Release|x86
		{FDAB0EFB-0364-46D4-BA26-7C7DB8765611}.AppStore|x86.Build.0 = Release|x86
		{FDAB0EFB-0364-46D4-BA26-7C7DB8765611}.AppStore|x86.Deploy.0 = Release|x86
		{FDAB0EFB-0364-46D4-BA26-7C7DB8765611}.Debug|Any CPU.ActiveCfg = Debug|Any CPU
		{FDAB0EFB-0364-46D4-BA26-7C7DB8765611}.Debug|Any CPU.Build.0 = Debug|Any CPU
		{FDAB0EFB-0364-46D4-BA26-7C7DB8765611}.Debug|Any CPU.Deploy.0 = Debug|Any CPU
		{FDAB0EFB-0364-46D4-BA26-7C7DB8765611}.Debug|ARM.ActiveCfg = Debug|ARM
		{FDAB0EFB-0364-46D4-BA26-7C7DB8765611}.Debug|ARM.Build.0 = Debug|ARM
		{FDAB0EFB-0364-46D4-BA26-7C7DB8765611}.Debug|ARM.Deploy.0 = Debug|ARM
		{FDAB0EFB-0364-46D4-BA26-7C7DB8765611}.Debug|iPhone.ActiveCfg = Debug|Any CPU
		{FDAB0EFB-0364-46D4-BA26-7C7DB8765611}.Debug|iPhone.Build.0 = Debug|Any CPU
		{FDAB0EFB-0364-46D4-BA26-7C7DB8765611}.Debug|iPhone.Deploy.0 = Debug|Any CPU
		{FDAB0EFB-0364-46D4-BA26-7C7DB8765611}.Debug|iPhoneSimulator.ActiveCfg = Debug|Any CPU
		{FDAB0EFB-0364-46D4-BA26-7C7DB8765611}.Debug|iPhoneSimulator.Build.0 = Debug|Any CPU
		{FDAB0EFB-0364-46D4-BA26-7C7DB8765611}.Debug|iPhoneSimulator.Deploy.0 = Debug|Any CPU
		{FDAB0EFB-0364-46D4-BA26-7C7DB8765611}.Debug|x64.ActiveCfg = Debug|x64
		{FDAB0EFB-0364-46D4-BA26-7C7DB8765611}.Debug|x64.Build.0 = Debug|x64
		{FDAB0EFB-0364-46D4-BA26-7C7DB8765611}.Debug|x64.Deploy.0 = Debug|x64
		{FDAB0EFB-0364-46D4-BA26-7C7DB8765611}.Debug|x86.ActiveCfg = Debug|x86
		{FDAB0EFB-0364-46D4-BA26-7C7DB8765611}.Debug|x86.Build.0 = Debug|x86
		{FDAB0EFB-0364-46D4-BA26-7C7DB8765611}.Debug|x86.Deploy.0 = Debug|x86
		{FDAB0EFB-0364-46D4-BA26-7C7DB8765611}.Release|Any CPU.ActiveCfg = Release|Any CPU
		{FDAB0EFB-0364-46D4-BA26-7C7DB8765611}.Release|Any CPU.Build.0 = Release|Any CPU
		{FDAB0EFB-0364-46D4-BA26-7C7DB8765611}.Release|Any CPU.Deploy.0 = Release|Any CPU
		{FDAB0EFB-0364-46D4-BA26-7C7DB8765611}.Release|ARM.ActiveCfg = Release|ARM
		{FDAB0EFB-0364-46D4-BA26-7C7DB8765611}.Release|ARM.Build.0 = Release|ARM
		{FDAB0EFB-0364-46D4-BA26-7C7DB8765611}.Release|ARM.Deploy.0 = Release|ARM
		{FDAB0EFB-0364-46D4-BA26-7C7DB8765611}.Release|iPhone.ActiveCfg = Release|Any CPU
		{FDAB0EFB-0364-46D4-BA26-7C7DB8765611}.Release|iPhone.Build.0 = Release|Any CPU
		{FDAB0EFB-0364-46D4-BA26-7C7DB8765611}.Release|iPhone.Deploy.0 = Release|Any CPU
		{FDAB0EFB-0364-46D4-BA26-7C7DB8765611}.Release|iPhoneSimulator.ActiveCfg = Release|Any CPU
		{FDAB0EFB-0364-46D4-BA26-7C7DB8765611}.Release|iPhoneSimulator.Build.0 = Release|Any CPU
		{FDAB0EFB-0364-46D4-BA26-7C7DB8765611}.Release|iPhoneSimulator.Deploy.0 = Release|Any CPU
		{FDAB0EFB-0364-46D4-BA26-7C7DB8765611}.Release|x64.ActiveCfg = Release|x64
		{FDAB0EFB-0364-46D4-BA26-7C7DB8765611}.Release|x64.Build.0 = Release|x64
		{FDAB0EFB-0364-46D4-BA26-7C7DB8765611}.Release|x64.Deploy.0 = Release|x64
		{FDAB0EFB-0364-46D4-BA26-7C7DB8765611}.Release|x86.ActiveCfg = Release|x86
		{FDAB0EFB-0364-46D4-BA26-7C7DB8765611}.Release|x86.Build.0 = Release|x86
		{FDAB0EFB-0364-46D4-BA26-7C7DB8765611}.Release|x86.Deploy.0 = Release|x86
		{5A7B0599-CE22-4E29-AD27-F108144ABF25}.Ad-Hoc|Any CPU.ActiveCfg = Release|Any CPU
		{5A7B0599-CE22-4E29-AD27-F108144ABF25}.Ad-Hoc|Any CPU.Build.0 = Release|Any CPU
		{5A7B0599-CE22-4E29-AD27-F108144ABF25}.Ad-Hoc|ARM.ActiveCfg = Release|Any CPU
		{5A7B0599-CE22-4E29-AD27-F108144ABF25}.Ad-Hoc|ARM.Build.0 = Release|Any CPU
		{5A7B0599-CE22-4E29-AD27-F108144ABF25}.Ad-Hoc|iPhone.ActiveCfg = Release|Any CPU
		{5A7B0599-CE22-4E29-AD27-F108144ABF25}.Ad-Hoc|iPhone.Build.0 = Release|Any CPU
		{5A7B0599-CE22-4E29-AD27-F108144ABF25}.Ad-Hoc|iPhoneSimulator.ActiveCfg = Release|Any CPU
		{5A7B0599-CE22-4E29-AD27-F108144ABF25}.Ad-Hoc|iPhoneSimulator.Build.0 = Release|Any CPU
		{5A7B0599-CE22-4E29-AD27-F108144ABF25}.Ad-Hoc|x64.ActiveCfg = Release|Any CPU
		{5A7B0599-CE22-4E29-AD27-F108144ABF25}.Ad-Hoc|x64.Build.0 = Release|Any CPU
		{5A7B0599-CE22-4E29-AD27-F108144ABF25}.Ad-Hoc|x86.ActiveCfg = Release|Any CPU
		{5A7B0599-CE22-4E29-AD27-F108144ABF25}.Ad-Hoc|x86.Build.0 = Release|Any CPU
		{5A7B0599-CE22-4E29-AD27-F108144ABF25}.AppStore|Any CPU.ActiveCfg = Release|Any CPU
		{5A7B0599-CE22-4E29-AD27-F108144ABF25}.AppStore|Any CPU.Build.0 = Release|Any CPU
		{5A7B0599-CE22-4E29-AD27-F108144ABF25}.AppStore|ARM.ActiveCfg = Release|Any CPU
		{5A7B0599-CE22-4E29-AD27-F108144ABF25}.AppStore|ARM.Build.0 = Release|Any CPU
		{5A7B0599-CE22-4E29-AD27-F108144ABF25}.AppStore|iPhone.ActiveCfg = Release|Any CPU
		{5A7B0599-CE22-4E29-AD27-F108144ABF25}.AppStore|iPhone.Build.0 = Release|Any CPU
		{5A7B0599-CE22-4E29-AD27-F108144ABF25}.AppStore|iPhoneSimulator.ActiveCfg = Release|Any CPU
		{5A7B0599-CE22-4E29-AD27-F108144ABF25}.AppStore|iPhoneSimulator.Build.0 = Release|Any CPU
		{5A7B0599-CE22-4E29-AD27-F108144ABF25}.AppStore|x64.ActiveCfg = Release|Any CPU
		{5A7B0599-CE22-4E29-AD27-F108144ABF25}.AppStore|x64.Build.0 = Release|Any CPU
		{5A7B0599-CE22-4E29-AD27-F108144ABF25}.AppStore|x86.ActiveCfg = Release|Any CPU
		{5A7B0599-CE22-4E29-AD27-F108144ABF25}.AppStore|x86.Build.0 = Release|Any CPU
		{5A7B0599-CE22-4E29-AD27-F108144ABF25}.Debug|Any CPU.ActiveCfg = Debug|Any CPU
		{5A7B0599-CE22-4E29-AD27-F108144ABF25}.Debug|Any CPU.Build.0 = Debug|Any CPU
		{5A7B0599-CE22-4E29-AD27-F108144ABF25}.Debug|ARM.ActiveCfg = Debug|Any CPU
		{5A7B0599-CE22-4E29-AD27-F108144ABF25}.Debug|ARM.Build.0 = Debug|Any CPU
		{5A7B0599-CE22-4E29-AD27-F108144ABF25}.Debug|iPhone.ActiveCfg = Debug|Any CPU
		{5A7B0599-CE22-4E29-AD27-F108144ABF25}.Debug|iPhone.Build.0 = Debug|Any CPU
		{5A7B0599-CE22-4E29-AD27-F108144ABF25}.Debug|iPhoneSimulator.ActiveCfg = Debug|Any CPU
		{5A7B0599-CE22-4E29-AD27-F108144ABF25}.Debug|iPhoneSimulator.Build.0 = Debug|Any CPU
		{5A7B0599-CE22-4E29-AD27-F108144ABF25}.Debug|x64.ActiveCfg = Debug|Any CPU
		{5A7B0599-CE22-4E29-AD27-F108144ABF25}.Debug|x64.Build.0 = Debug|Any CPU
		{5A7B0599-CE22-4E29-AD27-F108144ABF25}.Debug|x86.ActiveCfg = Debug|Any CPU
		{5A7B0599-CE22-4E29-AD27-F108144ABF25}.Debug|x86.Build.0 = Debug|Any CPU
		{5A7B0599-CE22-4E29-AD27-F108144ABF25}.Release|Any CPU.ActiveCfg = Release|Any CPU
		{5A7B0599-CE22-4E29-AD27-F108144ABF25}.Release|Any CPU.Build.0 = Release|Any CPU
		{5A7B0599-CE22-4E29-AD27-F108144ABF25}.Release|ARM.ActiveCfg = Release|Any CPU
		{5A7B0599-CE22-4E29-AD27-F108144ABF25}.Release|ARM.Build.0 = Release|Any CPU
		{5A7B0599-CE22-4E29-AD27-F108144ABF25}.Release|iPhone.ActiveCfg = Release|Any CPU
		{5A7B0599-CE22-4E29-AD27-F108144ABF25}.Release|iPhone.Build.0 = Release|Any CPU
		{5A7B0599-CE22-4E29-AD27-F108144ABF25}.Release|iPhoneSimulator.ActiveCfg = Release|Any CPU
		{5A7B0599-CE22-4E29-AD27-F108144ABF25}.Release|iPhoneSimulator.Build.0 = Release|Any CPU
		{5A7B0599-CE22-4E29-AD27-F108144ABF25}.Release|x64.ActiveCfg = Release|Any CPU
		{5A7B0599-CE22-4E29-AD27-F108144ABF25}.Release|x64.Build.0 = Release|Any CPU
		{5A7B0599-CE22-4E29-AD27-F108144ABF25}.Release|x86.ActiveCfg = Release|Any CPU
		{5A7B0599-CE22-4E29-AD27-F108144ABF25}.Release|x86.Build.0 = Release|Any CPU
	EndGlobalSection
	GlobalSection(SolutionProperties) = preSolution
		HideSolutionNode = FALSE
	EndGlobalSection
	GlobalSection(NestedProjects) = preSolution
		{91435741-B785-4FD8-B486-FA157FD55852} = {70584D47-5C81-4C41-BA98-B5E6D9B8A40E}
		{7C67ACC8-7257-4A43-BC52-2A89BFF353CC} = {A5A263B5-18F1-460E-BC30-8B879AB08471}
		{6CD4E190-041D-40ED-AAD8-8A08CE5DA65F} = {A5A263B5-18F1-460E-BC30-8B879AB08471}
		{58522461-2C65-4DFC-B6DA-00C28C4FE470} = {A5A263B5-18F1-460E-BC30-8B879AB08471}
		{FDAB0EFB-0364-46D4-BA26-7C7DB8765611} = {A5A263B5-18F1-460E-BC30-8B879AB08471}
		{5A7B0599-CE22-4E29-AD27-F108144ABF25} = {A5A263B5-18F1-460E-BC30-8B879AB08471}
	EndGlobalSection
EndGlobal
